{
  "version": 4,
  "terraform_version": "1.0.0",
  "serial": 669,
  "lineage": "8c2d1588-970a-2304-c563-c471f338bae5",
  "outputs": {},
  "resources": [
    {
      "mode": "data",
      "type": "aws_ami",
      "name": "ubuntu_bastion_ami",
      "provider": "provider[\"registry.terraform.io/hashicorp/aws\"]",
      "instances": [
        {
          "schema_version": 0,
          "attributes": {
            "architecture": "x86_64",
            "arn": "arn:aws:ec2:eu-central-1::image/ami-08db015a4afd75546",
            "block_device_mappings": [
              {
                "device_name": "/dev/sda1",
                "ebs": {
                  "delete_on_termination": "true",
                  "encrypted": "false",
                  "iops": "0",
                  "snapshot_id": "snap-0ed515688078ff275",
                  "throughput": "0",
                  "volume_size": "8",
                  "volume_type": "gp2"
                },
                "no_device": "",
                "virtual_name": ""
              },
              {
                "device_name": "/dev/sdb",
                "ebs": {},
                "no_device": "",
                "virtual_name": "ephemeral0"
              },
              {
                "device_name": "/dev/sdc",
                "ebs": {},
                "no_device": "",
                "virtual_name": "ephemeral1"
              }
            ],
            "creation_date": "2021-06-04T21:36:31.000Z",
            "description": "Canonical, Ubuntu, 18.04 LTS, amd64 bionic image build on 2021-06-04",
            "ena_support": true,
            "executable_users": null,
            "filter": [
              {
                "name": "name",
                "values": [
                  "ubuntu/images/hvm-ssd/ubuntu-bionic-18.04-amd64-server-20210604"
                ]
              }
            ],
            "hypervisor": "xen",
            "id": "ami-08db015a4afd75546",
            "image_id": "ami-08db015a4afd75546",
            "image_location": "099720109477/ubuntu/images/hvm-ssd/ubuntu-bionic-18.04-amd64-server-20210604",
            "image_owner_alias": null,
            "image_type": "machine",
            "kernel_id": null,
            "most_recent": false,
            "name": "ubuntu/images/hvm-ssd/ubuntu-bionic-18.04-amd64-server-20210604",
            "name_regex": null,
            "owner_id": "099720109477",
            "owners": [
              "099720109477"
            ],
            "platform": null,
            "platform_details": "Linux/UNIX",
            "product_codes": [],
            "public": true,
            "ramdisk_id": null,
            "root_device_name": "/dev/sda1",
            "root_device_type": "ebs",
            "root_snapshot_id": "snap-0ed515688078ff275",
            "sriov_net_support": "simple",
            "state": "available",
            "state_reason": {
              "code": "UNSET",
              "message": "UNSET"
            },
            "tags": {},
            "usage_operation": "RunInstances",
            "virtualization_type": "hvm"
          },
          "sensitive_attributes": []
        }
      ]
    },
    {
      "mode": "data",
      "type": "aws_availability_zones",
      "name": "azs",
      "provider": "provider[\"registry.terraform.io/hashicorp/aws\"]",
      "instances": [
        {
          "schema_version": 0,
          "attributes": {
            "all_availability_zones": null,
            "exclude_names": null,
            "exclude_zone_ids": null,
            "filter": null,
            "group_names": [
              "eu-central-1"
            ],
            "id": "eu-central-1",
            "names": [
              "eu-central-1a",
              "eu-central-1b",
              "eu-central-1c"
            ],
            "state": "available",
            "zone_ids": [
              "euc1-az2",
              "euc1-az3",
              "euc1-az1"
            ]
          },
          "sensitive_attributes": []
        }
      ]
    },
    {
      "mode": "managed",
      "type": "aws_ecs_cluster",
      "name": "restaurant_ecs_cluster",
      "provider": "provider[\"registry.terraform.io/hashicorp/aws\"]",
      "instances": [
        {
          "schema_version": 0,
          "attributes": {
            "arn": "arn:aws:ecs:eu-central-1:942112512222:cluster/restaurant-ecs-cluster",
            "capacity_providers": [
              "FARGATE",
              "FARGATE_SPOT"
            ],
            "default_capacity_provider_strategy": [
              {
                "base": 0,
                "capacity_provider": "FARGATE",
                "weight": 0
              }
            ],
            "id": "arn:aws:ecs:eu-central-1:942112512222:cluster/restaurant-ecs-cluster",
            "name": "restaurant-ecs-cluster",
            "setting": [
              {
                "name": "containerInsights",
                "value": "disabled"
              }
            ],
            "tags": {
              "Environment": "demo",
              "Owner": "hugo",
              "Service": "restaurant"
            },
            "tags_all": {
              "Environment": "demo",
              "Owner": "hugo",
              "Service": "restaurant"
            }
          },
          "sensitive_attributes": [],
          "private": "bnVsbA=="
        }
      ]
    },
    {
      "mode": "managed",
      "type": "aws_lb_listener",
      "name": "alb_80",
      "provider": "provider[\"registry.terraform.io/hashicorp/aws\"]",
      "instances": [
        {
          "schema_version": 0,
          "attributes": {
            "alpn_policy": null,
            "arn": "arn:aws:elasticloadbalancing:eu-central-1:942112512222:listener/app/restaurant-alb/e16234569991df9d/3cd2294eefd93fbe",
            "certificate_arn": null,
            "default_action": [
              {
                "authenticate_cognito": [],
                "authenticate_oidc": [],
                "fixed_response": [],
                "forward": [],
                "order": 1,
                "redirect": [],
                "target_group_arn": "arn:aws:elasticloadbalancing:eu-central-1:942112512222:targetgroup/restaurant-tg/49079256f72c3ac4",
                "type": "forward"
              }
            ],
            "id": "arn:aws:elasticloadbalancing:eu-central-1:942112512222:listener/app/restaurant-alb/e16234569991df9d/3cd2294eefd93fbe",
            "load_balancer_arn": "arn:aws:elasticloadbalancing:eu-central-1:942112512222:loadbalancer/app/restaurant-alb/e16234569991df9d",
            "port": 80,
            "protocol": "HTTP",
            "ssl_policy": "",
            "tags": {},
            "tags_all": {},
            "timeouts": null
          },
          "sensitive_attributes": [],
          "private": "eyJlMmJmYjczMC1lY2FhLTExZTYtOGY4OC0zNDM2M2JjN2M0YzAiOnsicmVhZCI6NjAwMDAwMDAwMDAwfX0=",
          "dependencies": [
            "module.rds.module.db_subnet_group.aws_db_subnet_group.this",
            "module.vpc.aws_vpc_ipv4_cidr_block_association.this",
            "data.aws_availability_zones.azs",
            "module.alb.aws_security_group_rule.allow_port_80_ingress_for_http_to_https_redirect",
            "module.rds.module.db_instance.aws_db_instance.this",
            "module.rds.module.db_instance.aws_iam_role.enhanced_monitoring",
            "module.rds.module.db_instance.data.aws_partition.current",
            "module.rds.module.db_instance.random_id.snapshot_identifier",
            "module.vpc.aws_vpc.this",
            "aws_security_group.db_sg",
            "module.alb.aws_security_group_rule.egress",
            "module.ecs-fargate.aws_lb_target_group.task",
            "module.rds.module.db_instance.aws_iam_role_policy_attachment.enhanced_monitoring",
            "module.rds.random_password.master_password",
            "module.alb.aws_lb.main",
            "module.alb.aws_lb_listener.frontend_http_to_https_redirect",
            "module.alb.aws_security_group.main",
            "module.rds.module.db_parameter_group.aws_db_parameter_group.this",
            "module.vpc.aws_subnet.private",
            "module.vpc.aws_subnet.public",
            "module.alb.aws_security_group_rule.allow_port_443_ingress_for_http_to_https_redirect",
            "module.rds.module.db_instance.aws_db_instance.this_mssql",
            "module.rds.module.db_instance.data.aws_iam_policy_document.enhanced_monitoring",
            "module.rds.module.db_option_group.aws_db_option_group.this"
          ]
        }
      ]
    },
    {
      "mode": "managed",
      "type": "aws_security_group",
      "name": "bastion_sg",
      "provider": "provider[\"registry.terraform.io/hashicorp/aws\"]",
      "instances": [
        {
          "schema_version": 1,
          "attributes": {
            "arn": "arn:aws:ec2:eu-central-1:942112512222:security-group/sg-0427752e3c540d6f1",
            "description": "Managed by Terraform",
            "egress": [
              {
                "cidr_blocks": [
                  "0.0.0.0/0"
                ],
                "description": "",
                "from_port": 0,
                "ipv6_cidr_blocks": [],
                "prefix_list_ids": [],
                "protocol": "-1",
                "security_groups": [],
                "self": false,
                "to_port": 0
              }
            ],
            "id": "sg-0427752e3c540d6f1",
            "ingress": [
              {
                "cidr_blocks": [
                  "148.63.196.120/32"
                ],
                "description": "allow hugo to ssh",
                "from_port": 22,
                "ipv6_cidr_blocks": [],
                "prefix_list_ids": [],
                "protocol": "tcp",
                "security_groups": [],
                "self": false,
                "to_port": 22
              }
            ],
            "name": "bastion-sg",
            "name_prefix": "",
            "owner_id": "942112512222",
            "revoke_rules_on_delete": false,
            "tags": {
              "Environment": "demo",
              "Owner": "hugo",
              "Service": "restaurant"
            },
            "tags_all": {
              "Environment": "demo",
              "Owner": "hugo",
              "Service": "restaurant"
            },
            "timeouts": null,
            "vpc_id": "vpc-05fbfb30c5e8a80f5"
          },
          "sensitive_attributes": [],
          "private": "eyJlMmJmYjczMC1lY2FhLTExZTYtOGY4OC0zNDM2M2JjN2M0YzAiOnsiY3JlYXRlIjo2MDAwMDAwMDAwMDAsImRlbGV0ZSI6OTAwMDAwMDAwMDAwfSwic2NoZW1hX3ZlcnNpb24iOiIxIn0=",
          "dependencies": [
            "module.vpc.aws_vpc.this"
          ]
        }
      ]
    },
    {
      "mode": "managed",
      "type": "aws_security_group",
      "name": "db_sg",
      "provider": "provider[\"registry.terraform.io/hashicorp/aws\"]",
      "instances": [
        {
          "schema_version": 1,
          "attributes": {
            "arn": "arn:aws:ec2:eu-central-1:942112512222:security-group/sg-0e1507e7656d8c6df",
            "description": "Managed by Terraform",
            "egress": [
              {
                "cidr_blocks": [
                  "0.0.0.0/0"
                ],
                "description": "",
                "from_port": 0,
                "ipv6_cidr_blocks": [],
                "prefix_list_ids": [],
                "protocol": "-1",
                "security_groups": [],
                "self": false,
                "to_port": 0
              }
            ],
            "id": "sg-0e1507e7656d8c6df",
            "ingress": [
              {
                "cidr_blocks": [
                  "0.0.0.0/0"
                ],
                "description": "allow anyone to connect",
                "from_port": 5432,
                "ipv6_cidr_blocks": [],
                "prefix_list_ids": [],
                "protocol": "tcp",
                "security_groups": [],
                "self": false,
                "to_port": 5432
              }
            ],
            "name": "db-sg",
            "name_prefix": "",
            "owner_id": "942112512222",
            "revoke_rules_on_delete": false,
            "tags": {
              "Environment": "demo",
              "Owner": "hugo",
              "Service": "restaurant"
            },
            "tags_all": {
              "Environment": "demo",
              "Owner": "hugo",
              "Service": "restaurant"
            },
            "timeouts": null,
            "vpc_id": "vpc-05fbfb30c5e8a80f5"
          },
          "sensitive_attributes": [],
          "private": "eyJlMmJmYjczMC1lY2FhLTExZTYtOGY4OC0zNDM2M2JjN2M0YzAiOnsiY3JlYXRlIjo2MDAwMDAwMDAwMDAsImRlbGV0ZSI6OTAwMDAwMDAwMDAwfSwic2NoZW1hX3ZlcnNpb24iOiIxIn0=",
          "dependencies": [
            "module.vpc.aws_vpc.this"
          ],
          "create_before_destroy": true
        }
      ]
    },
    {
      "mode": "managed",
      "type": "aws_security_group_rule",
      "name": "task_ingress_9000",
      "provider": "provider[\"registry.terraform.io/hashicorp/aws\"]",
      "instances": [
        {
          "schema_version": 2,
          "attributes": {
            "cidr_blocks": [],
            "description": "",
            "from_port": 9000,
            "id": "sgrule-3224669610",
            "ipv6_cidr_blocks": [],
            "prefix_list_ids": [],
            "protocol": "tcp",
            "security_group_id": "sg-0c15bf9bd7cef0b7d",
            "self": false,
            "source_security_group_id": "sg-0c6600b35ab7653a5",
            "to_port": 9000,
            "type": "ingress"
          },
          "sensitive_attributes": [],
          "private": "eyJzY2hlbWFfdmVyc2lvbiI6IjIifQ==",
          "dependencies": [
            "module.rds.module.db_parameter_group.aws_db_parameter_group.this",
            "module.rds.module.db_subnet_group.aws_db_subnet_group.this",
            "module.vpc.aws_subnet.private",
            "module.alb.aws_security_group_rule.allow_port_80_ingress_for_http_to_https_redirect",
            "module.rds.module.db_instance.aws_db_instance.this",
            "module.rds.module.db_instance.aws_iam_role_policy_attachment.enhanced_monitoring",
            "module.rds.module.db_instance.data.aws_partition.current",
            "module.rds.module.db_option_group.aws_db_option_group.this",
            "module.vpc.aws_vpc.this",
            "module.vpc.aws_subnet.public",
            "aws_security_group.db_sg",
            "module.alb.aws_lb_listener.frontend_http_to_https_redirect",
            "module.rds.module.db_instance.aws_db_instance.this_mssql",
            "module.rds.module.db_instance.data.aws_iam_policy_document.enhanced_monitoring",
            "module.rds.random_password.master_password",
            "data.aws_availability_zones.azs",
            "module.alb.aws_security_group.main",
            "module.alb.aws_security_group_rule.egress",
            "module.rds.module.db_instance.random_id.snapshot_identifier",
            "module.vpc.aws_vpc_ipv4_cidr_block_association.this",
            "module.alb.aws_lb.main",
            "module.alb.aws_security_group_rule.allow_port_443_ingress_for_http_to_https_redirect",
            "module.ecs-fargate.aws_security_group.ecs_service",
            "module.rds.module.db_instance.aws_iam_role.enhanced_monitoring"
          ]
        }
      ]
    },
    {
      "module": "module.alb",
      "mode": "managed",
      "type": "aws_lb",
      "name": "main",
      "provider": "provider[\"registry.terraform.io/hashicorp/aws\"]",
      "instances": [
        {
          "schema_version": 0,
          "attributes": {
            "access_logs": [
              {
                "bucket": "",
                "enabled": false,
                "prefix": ""
              }
            ],
            "arn": "arn:aws:elasticloadbalancing:eu-central-1:942112512222:loadbalancer/app/restaurant-alb/e16234569991df9d",
            "arn_suffix": "app/restaurant-alb/e16234569991df9d",
            "customer_owned_ipv4_pool": "",
            "dns_name": "restaurant-alb-924740886.eu-central-1.elb.amazonaws.com",
            "drop_invalid_header_fields": false,
            "enable_cross_zone_load_balancing": null,
            "enable_deletion_protection": false,
            "enable_http2": true,
            "id": "arn:aws:elasticloadbalancing:eu-central-1:942112512222:loadbalancer/app/restaurant-alb/e16234569991df9d",
            "idle_timeout": 60,
            "internal": false,
            "ip_address_type": "ipv4",
            "load_balancer_type": "application",
            "name": "restaurant-alb",
            "name_prefix": null,
            "security_groups": [
              "sg-0c6600b35ab7653a5"
            ],
            "subnet_mapping": [
              {
                "allocation_id": "",
                "ipv6_address": "",
                "outpost_id": "",
                "private_ipv4_address": "",
                "subnet_id": "subnet-056e1ceec6ab4372b"
              },
              {
                "allocation_id": "",
                "ipv6_address": "",
                "outpost_id": "",
                "private_ipv4_address": "",
                "subnet_id": "subnet-0bab31b667933f13e"
              },
              {
                "allocation_id": "",
                "ipv6_address": "",
                "outpost_id": "",
                "private_ipv4_address": "",
                "subnet_id": "subnet-0fe927ee5c497e092"
              }
            ],
            "subnets": [
              "subnet-056e1ceec6ab4372b",
              "subnet-0bab31b667933f13e",
              "subnet-0fe927ee5c497e092"
            ],
            "tags": {
              "Name": "restaurant-alb"
            },
            "tags_all": {
              "Name": "restaurant-alb"
            },
            "timeouts": {
              "create": "15m",
              "delete": "15m",
              "update": "15m"
            },
            "vpc_id": "vpc-05fbfb30c5e8a80f5",
            "zone_id": "Z215JYRZR1TBD5"
          },
          "sensitive_attributes": [],
          "private": "eyJlMmJmYjczMC1lY2FhLTExZTYtOGY4OC0zNDM2M2JjN2M0YzAiOnsiY3JlYXRlIjo5MDAwMDAwMDAwMDAsImRlbGV0ZSI6OTAwMDAwMDAwMDAwLCJ1cGRhdGUiOjkwMDAwMDAwMDAwMH19",
          "dependencies": [
            "module.alb.aws_security_group.main",
            "module.vpc.aws_subnet.public",
            "module.vpc.aws_vpc.this",
            "module.vpc.aws_vpc_ipv4_cidr_block_association.this",
            "data.aws_availability_zones.azs"
          ],
          "create_before_destroy": true
        }
      ]
    },
    {
      "module": "module.alb",
      "mode": "managed",
      "type": "aws_security_group",
      "name": "main",
      "provider": "provider[\"registry.terraform.io/hashicorp/aws\"]",
      "instances": [
        {
          "index_key": 0,
          "schema_version": 1,
          "attributes": {
            "arn": "arn:aws:ec2:eu-central-1:942112512222:security-group/sg-0c6600b35ab7653a5",
            "description": "Managed by Terraform",
            "egress": [
              {
                "cidr_blocks": [
                  "0.0.0.0/0"
                ],
                "description": "",
                "from_port": 0,
                "ipv6_cidr_blocks": [
                  "::/0"
                ],
                "prefix_list_ids": [],
                "protocol": "-1",
                "security_groups": [],
                "self": false,
                "to_port": 0
              }
            ],
            "id": "sg-0c6600b35ab7653a5",
            "ingress": [
              {
                "cidr_blocks": [
                  "0.0.0.0/0"
                ],
                "description": "All IPV4 ICMP",
                "from_port": -1,
                "ipv6_cidr_blocks": [],
                "prefix_list_ids": [],
                "protocol": "icmp",
                "security_groups": [],
                "self": false,
                "to_port": -1
              },
              {
                "cidr_blocks": [
                  "0.0.0.0/0"
                ],
                "description": "HTTP",
                "from_port": 80,
                "ipv6_cidr_blocks": [],
                "prefix_list_ids": [],
                "protocol": "tcp",
                "security_groups": [],
                "self": false,
                "to_port": 80
              }
            ],
            "name": "restaurant-alb-sg-20210613161005907200000001",
            "name_prefix": "restaurant-alb-sg-",
            "owner_id": "942112512222",
            "revoke_rules_on_delete": false,
            "tags": {
              "Name": "restaurant-alb-sg"
            },
            "tags_all": {
              "Name": "restaurant-alb-sg"
            },
            "timeouts": null,
            "vpc_id": "vpc-05fbfb30c5e8a80f5"
          },
          "sensitive_attributes": [],
          "private": "eyJlMmJmYjczMC1lY2FhLTExZTYtOGY4OC0zNDM2M2JjN2M0YzAiOnsiY3JlYXRlIjo2MDAwMDAwMDAwMDAsImRlbGV0ZSI6OTAwMDAwMDAwMDAwfSwic2NoZW1hX3ZlcnNpb24iOiIxIn0=",
          "dependencies": [
            "module.vpc.aws_vpc.this"
          ],
          "create_before_destroy": true
        }
      ]
    },
    {
      "module": "module.alb",
      "mode": "managed",
      "type": "aws_security_group_rule",
      "name": "egress",
      "provider": "provider[\"registry.terraform.io/hashicorp/aws\"]",
      "instances": [
        {
          "index_key": 0,
          "schema_version": 2,
          "attributes": {
            "cidr_blocks": [
              "0.0.0.0/0"
            ],
            "description": "",
            "from_port": 0,
            "id": "sgrule-879389219",
            "ipv6_cidr_blocks": [
              "::/0"
            ],
            "prefix_list_ids": [],
            "protocol": "-1",
            "security_group_id": "sg-0c6600b35ab7653a5",
            "self": false,
            "source_security_group_id": null,
            "to_port": 0,
            "type": "egress"
          },
          "sensitive_attributes": [],
          "private": "eyJzY2hlbWFfdmVyc2lvbiI6IjIifQ==",
          "dependencies": [
            "module.alb.aws_security_group.main",
            "module.vpc.aws_vpc.this"
          ],
          "create_before_destroy": true
        }
      ]
    },
    {
      "module": "module.ec2-instance",
      "mode": "managed",
      "type": "aws_instance",
      "name": "this",
      "provider": "provider[\"registry.terraform.io/hashicorp/aws\"]",
      "instances": [
        {
          "index_key": 0,
          "schema_version": 1,
          "attributes": {
            "ami": "ami-08db015a4afd75546",
            "arn": "arn:aws:ec2:eu-central-1:942112512222:instance/i-0c485d41df53ace10",
            "associate_public_ip_address": true,
            "availability_zone": "eu-central-1a",
            "capacity_reservation_specification": [
              {
                "capacity_reservation_preference": "open",
                "capacity_reservation_target": []
              }
            ],
            "cpu_core_count": 1,
            "cpu_threads_per_core": 1,
            "credit_specification": [
              {
                "cpu_credits": "standard"
              }
            ],
            "disable_api_termination": false,
            "ebs_block_device": [],
            "ebs_optimized": false,
            "enclave_options": [
              {
                "enabled": false
              }
            ],
            "ephemeral_block_device": [],
            "get_password_data": false,
            "hibernation": false,
            "host_id": null,
            "iam_instance_profile": "",
            "id": "i-0c485d41df53ace10",
            "instance_initiated_shutdown_behavior": "stop",
            "instance_state": "running",
            "instance_type": "t2.micro",
            "ipv6_address_count": 0,
            "ipv6_addresses": [],
            "key_name": "eu-central-1-restaurant",
            "metadata_options": [
              {
                "http_endpoint": "enabled",
                "http_put_response_hop_limit": 1,
                "http_tokens": "optional"
              }
            ],
            "monitoring": false,
            "network_interface": [],
            "outpost_arn": "",
            "password_data": "",
            "placement_group": "",
            "primary_network_interface_id": "eni-0eed83f79d30bee5e",
            "private_dns": "ip-10-0-101-120.eu-central-1.compute.internal",
            "private_ip": "10.0.101.120",
            "public_dns": "ec2-18-159-62-18.eu-central-1.compute.amazonaws.com",
            "public_ip": "18.159.62.18",
            "root_block_device": [
              {
                "delete_on_termination": true,
                "device_name": "/dev/sda1",
                "encrypted": false,
                "iops": 100,
                "kms_key_id": "",
                "tags": {},
                "throughput": 0,
                "volume_id": "vol-0bb8b7e7187522c87",
                "volume_size": 8,
                "volume_type": "gp2"
              }
            ],
            "secondary_private_ips": [],
            "security_groups": [],
            "source_dest_check": true,
            "subnet_id": "subnet-0fe927ee5c497e092",
            "tags": {
              "Environment": "demo",
              "Name": "restaurant-bastion",
              "Owner": "hugo",
              "Service": "restaurant"
            },
            "tags_all": {
              "Environment": "demo",
              "Name": "restaurant-bastion",
              "Owner": "hugo",
              "Service": "restaurant"
            },
            "tenancy": "default",
            "timeouts": null,
            "user_data": null,
            "user_data_base64": null,
            "volume_tags": {
              "Name": "restaurant-bastion"
            },
            "vpc_security_group_ids": [
              "sg-0427752e3c540d6f1"
            ]
          },
          "sensitive_attributes": [],
          "private": "eyJlMmJmYjczMC1lY2FhLTExZTYtOGY4OC0zNDM2M2JjN2M0YzAiOnsiY3JlYXRlIjo2MDAwMDAwMDAwMDAsImRlbGV0ZSI6MTIwMDAwMDAwMDAwMCwidXBkYXRlIjo2MDAwMDAwMDAwMDB9LCJzY2hlbWFfdmVyc2lvbiI6IjEifQ==",
          "dependencies": [
            "data.aws_ami.ubuntu_bastion_ami",
            "data.aws_availability_zones.azs",
            "module.vpc.aws_subnet.public",
            "module.vpc.aws_vpc.this",
            "module.vpc.aws_vpc_ipv4_cidr_block_association.this",
            "aws_security_group.bastion_sg"
          ]
        }
      ]
    },
    {
      "module": "module.ecs-fargate",
      "mode": "data",
      "type": "aws_iam_policy_document",
      "name": "task_assume",
      "provider": "provider[\"registry.terraform.io/hashicorp/aws\"]",
      "instances": [
        {
          "schema_version": 0,
          "attributes": {
            "id": "320642683",
            "json": "{\n  \"Version\": \"2012-10-17\",\n  \"Statement\": [\n    {\n      \"Sid\": \"\",\n      \"Effect\": \"Allow\",\n      \"Action\": \"sts:AssumeRole\",\n      \"Principal\": {\n        \"Service\": \"ecs-tasks.amazonaws.com\"\n      }\n    }\n  ]\n}",
            "override_json": null,
            "override_policy_documents": null,
            "policy_id": null,
            "source_json": null,
            "source_policy_documents": null,
            "statement": [
              {
                "actions": [
                  "sts:AssumeRole"
                ],
                "condition": [],
                "effect": "Allow",
                "not_actions": [],
                "not_principals": [],
                "not_resources": [],
                "principals": [
                  {
                    "identifiers": [
                      "ecs-tasks.amazonaws.com"
                    ],
                    "type": "Service"
                  }
                ],
                "resources": [],
                "sid": ""
              }
            ],
            "version": "2012-10-17"
          },
          "sensitive_attributes": []
        }
      ]
    },
    {
      "module": "module.ecs-fargate",
      "mode": "data",
      "type": "aws_iam_policy_document",
      "name": "task_ecs_exec_policy",
      "provider": "provider[\"registry.terraform.io/hashicorp/aws\"]",
      "instances": [
        {
          "index_key": 0,
          "schema_version": 0,
          "attributes": {
            "id": "2177423719",
            "json": "{\n  \"Version\": \"2012-10-17\",\n  \"Statement\": [\n    {\n      \"Sid\": \"\",\n      \"Effect\": \"Allow\",\n      \"Action\": [\n        \"ssmmessages:OpenDataChannel\",\n        \"ssmmessages:OpenControlChannel\",\n        \"ssmmessages:CreateDataChannel\",\n        \"ssmmessages:CreateControlChannel\"\n      ],\n      \"Resource\": \"*\"\n    }\n  ]\n}",
            "override_json": null,
            "override_policy_documents": null,
            "policy_id": null,
            "source_json": null,
            "source_policy_documents": null,
            "statement": [
              {
                "actions": [
                  "ssmmessages:CreateControlChannel",
                  "ssmmessages:CreateDataChannel",
                  "ssmmessages:OpenControlChannel",
                  "ssmmessages:OpenDataChannel"
                ],
                "condition": [],
                "effect": "Allow",
                "not_actions": [],
                "not_principals": [],
                "not_resources": [],
                "principals": [],
                "resources": [
                  "*"
                ],
                "sid": ""
              }
            ],
            "version": "2012-10-17"
          },
          "sensitive_attributes": []
        }
      ]
    },
    {
      "module": "module.ecs-fargate",
      "mode": "data",
      "type": "aws_iam_policy_document",
      "name": "task_execution_permissions",
      "provider": "provider[\"registry.terraform.io/hashicorp/aws\"]",
      "instances": [
        {
          "schema_version": 0,
          "attributes": {
            "id": "1420726984",
            "json": "{\n  \"Version\": \"2012-10-17\",\n  \"Statement\": [\n    {\n      \"Sid\": \"\",\n      \"Effect\": \"Allow\",\n      \"Action\": [\n        \"logs:PutLogEvents\",\n        \"logs:CreateLogStream\",\n        \"ecr:GetDownloadUrlForLayer\",\n        \"ecr:GetAuthorizationToken\",\n        \"ecr:BatchGetImage\",\n        \"ecr:BatchCheckLayerAvailability\"\n      ],\n      \"Resource\": \"*\"\n    }\n  ]\n}",
            "override_json": null,
            "override_policy_documents": null,
            "policy_id": null,
            "source_json": null,
            "source_policy_documents": null,
            "statement": [
              {
                "actions": [
                  "ecr:BatchCheckLayerAvailability",
                  "ecr:BatchGetImage",
                  "ecr:GetAuthorizationToken",
                  "ecr:GetDownloadUrlForLayer",
                  "logs:CreateLogStream",
                  "logs:PutLogEvents"
                ],
                "condition": [],
                "effect": "Allow",
                "not_actions": [],
                "not_principals": [],
                "not_resources": [],
                "principals": [],
                "resources": [
                  "*"
                ],
                "sid": ""
              }
            ],
            "version": "2012-10-17"
          },
          "sensitive_attributes": []
        }
      ]
    },
    {
      "module": "module.ecs-fargate",
      "mode": "data",
      "type": "aws_iam_policy_document",
      "name": "task_permissions",
      "provider": "provider[\"registry.terraform.io/hashicorp/aws\"]",
      "instances": [
        {
          "schema_version": 0,
          "attributes": {
            "id": "789895725",
            "json": "{\n  \"Version\": \"2012-10-17\",\n  \"Statement\": [\n    {\n      \"Sid\": \"\",\n      \"Effect\": \"Allow\",\n      \"Action\": [\n        \"logs:PutLogEvents\",\n        \"logs:CreateLogStream\"\n      ],\n      \"Resource\": [\n        \"arn:aws:logs:eu-central-1:942112512222:log-group:restaurant-ecs-fargate:*\",\n        \"arn:aws:logs:eu-central-1:942112512222:log-group:restaurant-ecs-fargate\"\n      ]\n    }\n  ]\n}",
            "override_json": null,
            "override_policy_documents": null,
            "policy_id": null,
            "source_json": null,
            "source_policy_documents": null,
            "statement": [
              {
                "actions": [
                  "logs:CreateLogStream",
                  "logs:PutLogEvents"
                ],
                "condition": [],
                "effect": "Allow",
                "not_actions": [],
                "not_principals": [],
                "not_resources": [],
                "principals": [],
                "resources": [
                  "arn:aws:logs:eu-central-1:942112512222:log-group:restaurant-ecs-fargate",
                  "arn:aws:logs:eu-central-1:942112512222:log-group:restaurant-ecs-fargate:*"
                ],
                "sid": ""
              }
            ],
            "version": "2012-10-17"
          },
          "sensitive_attributes": []
        }
      ]
    },
    {
      "module": "module.ecs-fargate",
      "mode": "data",
      "type": "aws_region",
      "name": "current",
      "provider": "provider[\"registry.terraform.io/hashicorp/aws\"]",
      "instances": [
        {
          "schema_version": 0,
          "attributes": {
            "description": "Europe (Frankfurt)",
            "endpoint": "ec2.eu-central-1.amazonaws.com",
            "id": "eu-central-1",
            "name": "eu-central-1"
          },
          "sensitive_attributes": []
        }
      ]
    },
    {
      "module": "module.ecs-fargate",
      "mode": "managed",
      "type": "aws_cloudwatch_log_group",
      "name": "main",
      "provider": "provider[\"registry.terraform.io/hashicorp/aws\"]",
      "instances": [
        {
          "schema_version": 0,
          "attributes": {
            "arn": "arn:aws:logs:eu-central-1:942112512222:log-group:restaurant-ecs-fargate",
            "id": "restaurant-ecs-fargate",
            "kms_key_id": "",
            "name": "restaurant-ecs-fargate",
            "name_prefix": null,
            "retention_in_days": 30,
            "tags": {
              "Environment": "demo",
              "Owner": "hugo",
              "Service": "restaurant"
            },
            "tags_all": {
              "Environment": "demo",
              "Owner": "hugo",
              "Service": "restaurant"
            }
          },
          "sensitive_attributes": [],
          "private": "bnVsbA==",
          "dependencies": [
            "module.rds.module.db_instance.aws_db_instance.this_mssql",
            "module.rds.module.db_instance.aws_iam_role.enhanced_monitoring",
            "module.rds.module.db_instance.aws_iam_role_policy_attachment.enhanced_monitoring",
            "module.rds.module.db_subnet_group.aws_db_subnet_group.this",
            "module.vpc.aws_subnet.private",
            "module.vpc.aws_subnet.public",
            "module.alb.aws_lb.main",
            "module.alb.aws_security_group.main",
            "module.rds.module.db_instance.random_id.snapshot_identifier",
            "module.alb.aws_security_group_rule.allow_port_80_ingress_for_http_to_https_redirect",
            "module.alb.aws_security_group_rule.egress",
            "module.rds.random_password.master_password",
            "module.vpc.aws_vpc.this",
            "module.vpc.aws_vpc_ipv4_cidr_block_association.this",
            "data.aws_availability_zones.azs",
            "module.alb.aws_lb_listener.frontend_http_to_https_redirect",
            "module.rds.module.db_instance.aws_db_instance.this",
            "module.rds.module.db_instance.data.aws_iam_policy_document.enhanced_monitoring",
            "module.rds.module.db_instance.data.aws_partition.current",
            "module.rds.module.db_option_group.aws_db_option_group.this",
            "module.rds.module.db_parameter_group.aws_db_parameter_group.this",
            "aws_security_group.db_sg",
            "module.alb.aws_security_group_rule.allow_port_443_ingress_for_http_to_https_redirect"
          ]
        }
      ]
    },
    {
      "module": "module.ecs-fargate",
      "mode": "managed",
      "type": "aws_ecs_service",
      "name": "service",
      "provider": "provider[\"registry.terraform.io/hashicorp/aws\"]",
      "instances": [
        {
          "schema_version": 0,
          "attributes": {
            "capacity_provider_strategy": [],
            "cluster": "arn:aws:ecs:eu-central-1:942112512222:cluster/restaurant-ecs-cluster",
            "deployment_circuit_breaker": [
              {
                "enable": false,
                "rollback": false
              }
            ],
            "deployment_controller": [
              {
                "type": "ECS"
              }
            ],
            "deployment_maximum_percent": 200,
            "deployment_minimum_healthy_percent": 50,
            "desired_count": 1,
            "enable_ecs_managed_tags": false,
            "enable_execute_command": true,
            "force_new_deployment": false,
            "health_check_grace_period_seconds": 300,
            "iam_role": "aws-service-role",
            "id": "arn:aws:ecs:eu-central-1:942112512222:service/restaurant-ecs-cluster/restaurant-ecs-fargate",
            "launch_type": "FARGATE",
            "load_balancer": [
              {
                "container_name": "restaurant-ecs-fargate",
                "container_port": 9000,
                "elb_name": "",
                "target_group_arn": "arn:aws:elasticloadbalancing:eu-central-1:942112512222:targetgroup/restaurant-tg/49079256f72c3ac4"
              }
            ],
            "name": "restaurant-ecs-fargate",
            "network_configuration": [
              {
                "assign_public_ip": false,
                "security_groups": [
                  "sg-0c15bf9bd7cef0b7d"
                ],
                "subnets": [
                  "subnet-025668174d71539ee",
                  "subnet-0bd4ab57c1b12175c",
                  "subnet-0ca30be645b6c31ee"
                ]
              }
            ],
            "ordered_placement_strategy": [],
            "placement_constraints": [],
            "platform_version": "LATEST",
            "propagate_tags": "TASK_DEFINITION",
            "scheduling_strategy": "REPLICA",
            "service_registries": [],
            "tags": {
              "Environment": "demo",
              "Name": "restaurant-ecs-fargate-service",
              "Owner": "hugo",
              "Service": "restaurant"
            },
            "tags_all": {
              "Environment": "demo",
              "Name": "restaurant-ecs-fargate-service",
              "Owner": "hugo",
              "Service": "restaurant"
            },
            "task_definition": "arn:aws:ecs:eu-central-1:942112512222:task-definition/restaurant-ecs-fargate:4",
            "timeouts": null,
            "wait_for_steady_state": false
          },
          "sensitive_attributes": [],
          "private": "eyJlMmJmYjczMC1lY2FhLTExZTYtOGY4OC0zNDM2M2JjN2M0YzAiOnsiZGVsZXRlIjoxMjAwMDAwMDAwMDAwfX0=",
          "dependencies": [
            "aws_ecs_cluster.restaurant_ecs_cluster",
            "module.rds.module.db_instance.aws_db_instance.this_mssql",
            "module.rds.module.db_instance.data.aws_partition.current",
            "module.vpc.aws_subnet.private",
            "module.ecs-fargate.aws_iam_role.task",
            "module.rds.module.db_instance.aws_iam_role.enhanced_monitoring",
            "module.rds.module.db_subnet_group.aws_db_subnet_group.this",
            "data.aws_availability_zones.azs",
            "module.ecs-fargate.aws_lb_target_group.task",
            "module.vpc.aws_vpc.this",
            "module.rds.random_password.master_password",
            "aws_security_group.db_sg",
            "module.alb.aws_lb.main",
            "module.alb.aws_security_group_rule.egress",
            "module.rds.module.db_instance.random_id.snapshot_identifier",
            "module.alb.aws_lb_listener.frontend_http_to_https_redirect",
            "module.ecs-fargate.aws_iam_role.execution",
            "module.rds.module.db_option_group.aws_db_option_group.this",
            "module.vpc.aws_subnet.public",
            "module.rds.module.db_parameter_group.aws_db_parameter_group.this",
            "module.alb.aws_security_group.main",
            "module.alb.aws_security_group_rule.allow_port_443_ingress_for_http_to_https_redirect",
            "module.ecs-fargate.aws_cloudwatch_log_group.main",
            "module.ecs-fargate.aws_ecs_task_definition.task",
            "module.ecs-fargate.aws_security_group.ecs_service",
            "module.rds.module.db_instance.aws_iam_role_policy_attachment.enhanced_monitoring",
            "module.rds.module.db_instance.data.aws_iam_policy_document.enhanced_monitoring",
            "module.vpc.aws_vpc_ipv4_cidr_block_association.this",
            "module.alb.aws_security_group_rule.allow_port_80_ingress_for_http_to_https_redirect",
            "module.ecs-fargate.data.aws_iam_policy_document.task_assume",
            "module.ecs-fargate.data.aws_region.current",
            "module.rds.module.db_instance.aws_db_instance.this"
          ]
        }
      ]
    },
    {
      "module": "module.ecs-fargate",
      "mode": "managed",
      "type": "aws_ecs_task_definition",
      "name": "task",
      "provider": "provider[\"registry.terraform.io/hashicorp/aws\"]",
      "instances": [
        {
          "schema_version": 1,
          "attributes": {
            "arn": "arn:aws:ecs:eu-central-1:942112512222:task-definition/restaurant-ecs-fargate:4",
            "container_definitions": "[{\"command\":[],\"cpu\":0,\"environment\":[{\"name\":\"DATASOURCE_PASSWORD\",\"value\":\"1234-abcd\"},{\"name\":\"DATASOURCE_URL\",\"value\":\"jdbc:postgresql://restaurant-db.czithxfsjhgh.eu-central-1.rds.amazonaws.com:5432/restaurant\"}],\"essential\":true,\"image\":\"942112512222.dkr.ecr.eu-central-1.amazonaws.com/restaurant-backend:latest\",\"logConfiguration\":{\"logDriver\":\"awslogs\",\"options\":{\"awslogs-group\":\"restaurant-ecs-fargate\",\"awslogs-region\":\"eu-central-1\",\"awslogs-stream-prefix\":\"container\"}},\"mountPoints\":[],\"name\":\"restaurant-ecs-fargate\",\"portMappings\":[{\"containerPort\":9000,\"hostPort\":9000,\"protocol\":\"tcp\"}],\"volumesFrom\":[]}]",
            "cpu": "256",
            "ephemeral_storage": [],
            "execution_role_arn": "arn:aws:iam::942112512222:role/restaurant-ecs-fargate-task-execution-role",
            "family": "restaurant-ecs-fargate",
            "id": "restaurant-ecs-fargate",
            "inference_accelerator": [],
            "ipc_mode": "",
            "memory": "1024",
            "network_mode": "awsvpc",
            "pid_mode": "",
            "placement_constraints": [],
            "proxy_configuration": [],
            "requires_compatibilities": [
              "FARGATE"
            ],
            "revision": 4,
            "tags": {
              "Environment": "demo",
              "Name": "restaurant-ecs-fargate",
              "Owner": "hugo",
              "Service": "restaurant"
            },
            "tags_all": {
              "Environment": "demo",
              "Name": "restaurant-ecs-fargate",
              "Owner": "hugo",
              "Service": "restaurant"
            },
            "task_role_arn": "arn:aws:iam::942112512222:role/restaurant-ecs-fargate-task-role",
            "volume": []
          },
          "sensitive_attributes": [],
          "private": "eyJzY2hlbWFfdmVyc2lvbiI6IjEifQ==",
          "dependencies": [
            "module.alb.aws_security_group_rule.allow_port_80_ingress_for_http_to_https_redirect",
            "module.ecs-fargate.data.aws_region.current",
            "module.rds.module.db_instance.aws_db_instance.this",
            "module.rds.module.db_instance.aws_iam_role_policy_attachment.enhanced_monitoring",
            "module.rds.module.db_instance.data.aws_iam_policy_document.enhanced_monitoring",
            "data.aws_availability_zones.azs",
            "module.alb.aws_security_group.main",
            "module.rds.module.db_instance.random_id.snapshot_identifier",
            "module.vpc.aws_subnet.private",
            "module.vpc.aws_subnet.public",
            "module.alb.aws_security_group_rule.allow_port_443_ingress_for_http_to_https_redirect",
            "aws_security_group.db_sg",
            "module.rds.module.db_instance.data.aws_partition.current",
            "module.rds.module.db_parameter_group.aws_db_parameter_group.this",
            "module.vpc.aws_vpc_ipv4_cidr_block_association.this",
            "module.ecs-fargate.aws_iam_role.execution",
            "module.ecs-fargate.data.aws_iam_policy_document.task_assume",
            "module.rds.module.db_subnet_group.aws_db_subnet_group.this",
            "module.rds.random_password.master_password",
            "module.vpc.aws_vpc.this",
            "module.ecs-fargate.aws_iam_role.task",
            "module.rds.module.db_instance.aws_db_instance.this_mssql",
            "module.alb.aws_security_group_rule.egress",
            "module.ecs-fargate.aws_cloudwatch_log_group.main",
            "module.rds.module.db_instance.aws_iam_role.enhanced_monitoring",
            "module.rds.module.db_option_group.aws_db_option_group.this",
            "module.alb.aws_lb.main",
            "module.alb.aws_lb_listener.frontend_http_to_https_redirect"
          ]
        }
      ]
    },
    {
      "module": "module.ecs-fargate",
      "mode": "managed",
      "type": "aws_iam_role",
      "name": "execution",
      "provider": "provider[\"registry.terraform.io/hashicorp/aws\"]",
      "instances": [
        {
          "schema_version": 0,
          "attributes": {
            "arn": "arn:aws:iam::942112512222:role/restaurant-ecs-fargate-task-execution-role",
            "assume_role_policy": "{\"Version\":\"2012-10-17\",\"Statement\":[{\"Sid\":\"\",\"Effect\":\"Allow\",\"Principal\":{\"Service\":\"ecs-tasks.amazonaws.com\"},\"Action\":\"sts:AssumeRole\"}]}",
            "create_date": "2021-06-13T16:09:51Z",
            "description": "",
            "force_detach_policies": false,
            "id": "restaurant-ecs-fargate-task-execution-role",
            "inline_policy": [
              {
                "name": "restaurant-ecs-fargate-task-execution",
                "policy": "{\n  \"Version\": \"2012-10-17\",\n  \"Statement\": [\n    {\n      \"Sid\": \"\",\n      \"Effect\": \"Allow\",\n      \"Action\": [\n        \"logs:PutLogEvents\",\n        \"logs:CreateLogStream\",\n        \"ecr:GetDownloadUrlForLayer\",\n        \"ecr:GetAuthorizationToken\",\n        \"ecr:BatchGetImage\",\n        \"ecr:BatchCheckLayerAvailability\"\n      ],\n      \"Resource\": \"*\"\n    }\n  ]\n}"
              }
            ],
            "managed_policy_arns": [],
            "max_session_duration": 3600,
            "name": "restaurant-ecs-fargate-task-execution-role",
            "name_prefix": null,
            "path": "/",
            "permissions_boundary": null,
            "tags": {},
            "tags_all": {},
            "unique_id": "AROA5WWSIDDPOJEO34T5B"
          },
          "sensitive_attributes": [],
          "private": "bnVsbA==",
          "dependencies": [
            "module.alb.aws_lb.main",
            "module.alb.aws_lb_listener.frontend_http_to_https_redirect",
            "module.rds.module.db_instance.aws_iam_role.enhanced_monitoring",
            "module.rds.module.db_option_group.aws_db_option_group.this",
            "module.vpc.aws_subnet.public",
            "module.vpc.aws_vpc_ipv4_cidr_block_association.this",
            "aws_security_group.db_sg",
            "data.aws_availability_zones.azs",
            "module.alb.aws_security_group.main",
            "module.rds.module.db_instance.data.aws_iam_policy_document.enhanced_monitoring",
            "module.rds.module.db_instance.data.aws_partition.current",
            "module.rds.random_password.master_password",
            "module.rds.module.db_parameter_group.aws_db_parameter_group.this",
            "module.rds.module.db_subnet_group.aws_db_subnet_group.this",
            "module.alb.aws_security_group_rule.allow_port_443_ingress_for_http_to_https_redirect",
            "module.alb.aws_security_group_rule.allow_port_80_ingress_for_http_to_https_redirect",
            "module.alb.aws_security_group_rule.egress",
            "module.ecs-fargate.data.aws_iam_policy_document.task_assume",
            "module.rds.module.db_instance.aws_db_instance.this_mssql",
            "module.rds.module.db_instance.aws_iam_role_policy_attachment.enhanced_monitoring",
            "module.vpc.aws_vpc.this",
            "module.rds.module.db_instance.aws_db_instance.this",
            "module.rds.module.db_instance.random_id.snapshot_identifier",
            "module.vpc.aws_subnet.private"
          ]
        }
      ]
    },
    {
      "module": "module.ecs-fargate",
      "mode": "managed",
      "type": "aws_iam_role",
      "name": "task",
      "provider": "provider[\"registry.terraform.io/hashicorp/aws\"]",
      "instances": [
        {
          "schema_version": 0,
          "attributes": {
            "arn": "arn:aws:iam::942112512222:role/restaurant-ecs-fargate-task-role",
            "assume_role_policy": "{\"Version\":\"2012-10-17\",\"Statement\":[{\"Sid\":\"\",\"Effect\":\"Allow\",\"Principal\":{\"Service\":\"ecs-tasks.amazonaws.com\"},\"Action\":\"sts:AssumeRole\"}]}",
            "create_date": "2021-06-13T16:09:51Z",
            "description": "",
            "force_detach_policies": false,
            "id": "restaurant-ecs-fargate-task-role",
            "inline_policy": [
              {
                "name": "restaurant-ecs-fargate-ecs-exec-permissions",
                "policy": "{\n  \"Version\": \"2012-10-17\",\n  \"Statement\": [\n    {\n      \"Sid\": \"\",\n      \"Effect\": \"Allow\",\n      \"Action\": [\n        \"ssmmessages:OpenDataChannel\",\n        \"ssmmessages:OpenControlChannel\",\n        \"ssmmessages:CreateDataChannel\",\n        \"ssmmessages:CreateControlChannel\"\n      ],\n      \"Resource\": \"*\"\n    }\n  ]\n}"
              },
              {
                "name": "restaurant-ecs-fargate-log-permissions",
                "policy": "{\n  \"Version\": \"2012-10-17\",\n  \"Statement\": [\n    {\n      \"Sid\": \"\",\n      \"Effect\": \"Allow\",\n      \"Action\": [\n        \"logs:PutLogEvents\",\n        \"logs:CreateLogStream\"\n      ],\n      \"Resource\": [\n        \"arn:aws:logs:eu-central-1:942112512222:log-group:restaurant-ecs-fargate:*\",\n        \"arn:aws:logs:eu-central-1:942112512222:log-group:restaurant-ecs-fargate\"\n      ]\n    }\n  ]\n}"
              }
            ],
            "managed_policy_arns": [],
            "max_session_duration": 3600,
            "name": "restaurant-ecs-fargate-task-role",
            "name_prefix": null,
            "path": "/",
            "permissions_boundary": null,
            "tags": {},
            "tags_all": {},
            "unique_id": "AROA5WWSIDDPNTDOQGYYD"
          },
          "sensitive_attributes": [],
          "private": "bnVsbA==",
          "dependencies": [
            "module.rds.module.db_option_group.aws_db_option_group.this",
            "data.aws_availability_zones.azs",
            "module.alb.aws_security_group_rule.allow_port_443_ingress_for_http_to_https_redirect",
            "module.rds.module.db_instance.aws_iam_role_policy_attachment.enhanced_monitoring",
            "module.rds.module.db_instance.aws_db_instance.this_mssql",
            "module.rds.module.db_instance.aws_iam_role.enhanced_monitoring",
            "module.rds.module.db_instance.data.aws_iam_policy_document.enhanced_monitoring",
            "module.rds.module.db_instance.random_id.snapshot_identifier",
            "module.rds.module.db_parameter_group.aws_db_parameter_group.this",
            "module.alb.aws_security_group.main",
            "module.alb.aws_security_group_rule.allow_port_80_ingress_for_http_to_https_redirect",
            "module.alb.aws_security_group_rule.egress",
            "module.vpc.aws_subnet.public",
            "module.vpc.aws_vpc_ipv4_cidr_block_association.this",
            "module.rds.module.db_subnet_group.aws_db_subnet_group.this",
            "module.rds.random_password.master_password",
            "module.vpc.aws_vpc.this",
            "aws_security_group.db_sg",
            "module.alb.aws_lb_listener.frontend_http_to_https_redirect",
            "module.rds.module.db_instance.data.aws_partition.current",
            "module.vpc.aws_subnet.private",
            "module.alb.aws_lb.main",
            "module.ecs-fargate.data.aws_iam_policy_document.task_assume",
            "module.rds.module.db_instance.aws_db_instance.this"
          ]
        }
      ]
    },
    {
      "module": "module.ecs-fargate",
      "mode": "managed",
      "type": "aws_iam_role_policy",
      "name": "ecs_exec_inline_policy",
      "provider": "provider[\"registry.terraform.io/hashicorp/aws\"]",
      "instances": [
        {
          "index_key": 0,
          "schema_version": 0,
          "attributes": {
            "id": "restaurant-ecs-fargate-task-role:restaurant-ecs-fargate-ecs-exec-permissions",
            "name": "restaurant-ecs-fargate-ecs-exec-permissions",
            "name_prefix": null,
            "policy": "{\n  \"Version\": \"2012-10-17\",\n  \"Statement\": [\n    {\n      \"Sid\": \"\",\n      \"Effect\": \"Allow\",\n      \"Action\": [\n        \"ssmmessages:OpenDataChannel\",\n        \"ssmmessages:OpenControlChannel\",\n        \"ssmmessages:CreateDataChannel\",\n        \"ssmmessages:CreateControlChannel\"\n      ],\n      \"Resource\": \"*\"\n    }\n  ]\n}",
            "role": "restaurant-ecs-fargate-task-role"
          },
          "sensitive_attributes": [],
          "private": "bnVsbA==",
          "dependencies": [
            "module.rds.module.db_instance.data.aws_partition.current",
            "module.rds.module.db_instance.random_id.snapshot_identifier",
            "module.rds.module.db_option_group.aws_db_option_group.this",
            "aws_security_group.db_sg",
            "module.alb.aws_lb.main",
            "module.alb.aws_security_group_rule.egress",
            "module.ecs-fargate.data.aws_iam_policy_document.task_assume",
            "module.rds.module.db_instance.data.aws_iam_policy_document.enhanced_monitoring",
            "module.rds.module.db_parameter_group.aws_db_parameter_group.this",
            "module.rds.random_password.master_password",
            "module.vpc.aws_subnet.public",
            "data.aws_availability_zones.azs",
            "module.alb.aws_security_group.main",
            "module.rds.module.db_instance.aws_iam_role.enhanced_monitoring",
            "module.vpc.aws_subnet.private",
            "module.vpc.aws_vpc.this",
            "module.rds.module.db_instance.aws_iam_role_policy_attachment.enhanced_monitoring",
            "module.alb.aws_lb_listener.frontend_http_to_https_redirect",
            "module.alb.aws_security_group_rule.allow_port_80_ingress_for_http_to_https_redirect",
            "module.ecs-fargate.aws_iam_role.task",
            "module.ecs-fargate.data.aws_iam_policy_document.task_ecs_exec_policy",
            "module.rds.module.db_instance.aws_db_instance.this_mssql",
            "module.alb.aws_security_group_rule.allow_port_443_ingress_for_http_to_https_redirect",
            "module.rds.module.db_instance.aws_db_instance.this",
            "module.rds.module.db_subnet_group.aws_db_subnet_group.this",
            "module.vpc.aws_vpc_ipv4_cidr_block_association.this"
          ]
        }
      ]
    },
    {
      "module": "module.ecs-fargate",
      "mode": "managed",
      "type": "aws_iam_role_policy",
      "name": "log_agent",
      "provider": "provider[\"registry.terraform.io/hashicorp/aws\"]",
      "instances": [
        {
          "schema_version": 0,
          "attributes": {
            "id": "restaurant-ecs-fargate-task-role:restaurant-ecs-fargate-log-permissions",
            "name": "restaurant-ecs-fargate-log-permissions",
            "name_prefix": null,
            "policy": "{\n  \"Version\": \"2012-10-17\",\n  \"Statement\": [\n    {\n      \"Sid\": \"\",\n      \"Effect\": \"Allow\",\n      \"Action\": [\n        \"logs:PutLogEvents\",\n        \"logs:CreateLogStream\"\n      ],\n      \"Resource\": [\n        \"arn:aws:logs:eu-central-1:942112512222:log-group:restaurant-ecs-fargate:*\",\n        \"arn:aws:logs:eu-central-1:942112512222:log-group:restaurant-ecs-fargate\"\n      ]\n    }\n  ]\n}",
            "role": "restaurant-ecs-fargate-task-role"
          },
          "sensitive_attributes": [],
          "private": "bnVsbA==",
          "dependencies": [
            "data.aws_availability_zones.azs",
            "module.alb.aws_security_group.main",
            "module.ecs-fargate.data.aws_iam_policy_document.task_permissions",
            "module.rds.module.db_instance.data.aws_partition.current",
            "module.vpc.aws_vpc.this",
            "module.ecs-fargate.aws_cloudwatch_log_group.main",
            "module.ecs-fargate.aws_iam_role.task",
            "module.rds.module.db_instance.aws_db_instance.this",
            "module.vpc.aws_subnet.public",
            "module.vpc.aws_vpc_ipv4_cidr_block_association.this",
            "module.alb.aws_security_group_rule.allow_port_80_ingress_for_http_to_https_redirect",
            "module.rds.module.db_instance.aws_iam_role_policy_attachment.enhanced_monitoring",
            "module.ecs-fargate.data.aws_iam_policy_document.task_assume",
            "module.rds.module.db_instance.aws_db_instance.this_mssql",
            "module.alb.aws_security_group_rule.egress",
            "module.rds.module.db_instance.data.aws_iam_policy_document.enhanced_monitoring",
            "module.alb.aws_lb.main",
            "module.rds.module.db_instance.random_id.snapshot_identifier",
            "module.rds.module.db_option_group.aws_db_option_group.this",
            "module.rds.random_password.master_password",
            "aws_security_group.db_sg",
            "module.alb.aws_lb_listener.frontend_http_to_https_redirect",
            "module.alb.aws_security_group_rule.allow_port_443_ingress_for_http_to_https_redirect",
            "module.rds.module.db_instance.aws_iam_role.enhanced_monitoring",
            "module.rds.module.db_parameter_group.aws_db_parameter_group.this",
            "module.rds.module.db_subnet_group.aws_db_subnet_group.this",
            "module.vpc.aws_subnet.private"
          ]
        }
      ]
    },
    {
      "module": "module.ecs-fargate",
      "mode": "managed",
      "type": "aws_iam_role_policy",
      "name": "task_execution",
      "provider": "provider[\"registry.terraform.io/hashicorp/aws\"]",
      "instances": [
        {
          "schema_version": 0,
          "attributes": {
            "id": "restaurant-ecs-fargate-task-execution-role:restaurant-ecs-fargate-task-execution",
            "name": "restaurant-ecs-fargate-task-execution",
            "name_prefix": null,
            "policy": "{\n  \"Version\": \"2012-10-17\",\n  \"Statement\": [\n    {\n      \"Sid\": \"\",\n      \"Effect\": \"Allow\",\n      \"Action\": [\n        \"logs:PutLogEvents\",\n        \"logs:CreateLogStream\",\n        \"ecr:GetDownloadUrlForLayer\",\n        \"ecr:GetAuthorizationToken\",\n        \"ecr:BatchGetImage\",\n        \"ecr:BatchCheckLayerAvailability\"\n      ],\n      \"Resource\": \"*\"\n    }\n  ]\n}",
            "role": "restaurant-ecs-fargate-task-execution-role"
          },
          "sensitive_attributes": [],
          "private": "bnVsbA==",
          "dependencies": [
            "module.rds.module.db_instance.aws_iam_role_policy_attachment.enhanced_monitoring",
            "module.rds.module.db_instance.data.aws_partition.current",
            "module.rds.module.db_instance.random_id.snapshot_identifier",
            "module.alb.aws_security_group.main",
            "module.alb.aws_security_group_rule.allow_port_80_ingress_for_http_to_https_redirect",
            "module.rds.module.db_instance.aws_db_instance.this_mssql",
            "module.rds.module.db_instance.data.aws_iam_policy_document.enhanced_monitoring",
            "module.rds.module.db_parameter_group.aws_db_parameter_group.this",
            "module.rds.random_password.master_password",
            "module.alb.aws_lb.main",
            "module.alb.aws_lb_listener.frontend_http_to_https_redirect",
            "module.alb.aws_security_group_rule.allow_port_443_ingress_for_http_to_https_redirect",
            "module.ecs-fargate.data.aws_iam_policy_document.task_assume",
            "module.rds.module.db_instance.aws_iam_role.enhanced_monitoring",
            "module.rds.module.db_subnet_group.aws_db_subnet_group.this",
            "module.vpc.aws_vpc.this",
            "data.aws_availability_zones.azs",
            "module.alb.aws_security_group_rule.egress",
            "module.ecs-fargate.aws_iam_role.execution",
            "module.ecs-fargate.data.aws_iam_policy_document.task_execution_permissions",
            "module.rds.module.db_instance.aws_db_instance.this",
            "module.rds.module.db_option_group.aws_db_option_group.this",
            "module.vpc.aws_subnet.private",
            "module.vpc.aws_subnet.public",
            "aws_security_group.db_sg",
            "module.vpc.aws_vpc_ipv4_cidr_block_association.this"
          ]
        }
      ]
    },
    {
      "module": "module.ecs-fargate",
      "mode": "managed",
      "type": "aws_lb_target_group",
      "name": "task",
      "provider": "provider[\"registry.terraform.io/hashicorp/aws\"]",
      "instances": [
        {
          "index_key": "restaurant-tg",
          "schema_version": 0,
          "attributes": {
            "arn": "arn:aws:elasticloadbalancing:eu-central-1:942112512222:targetgroup/restaurant-tg/49079256f72c3ac4",
            "arn_suffix": "targetgroup/restaurant-tg/49079256f72c3ac4",
            "deregistration_delay": 300,
            "health_check": [
              {
                "enabled": true,
                "healthy_threshold": 3,
                "interval": 30,
                "matcher": "200",
                "path": "/actuator/health",
                "port": "traffic-port",
                "protocol": "HTTP",
                "timeout": 5,
                "unhealthy_threshold": 3
              }
            ],
            "id": "arn:aws:elasticloadbalancing:eu-central-1:942112512222:targetgroup/restaurant-tg/49079256f72c3ac4",
            "lambda_multi_value_headers_enabled": false,
            "load_balancing_algorithm_type": "round_robin",
            "name": "restaurant-tg",
            "name_prefix": null,
            "port": 9000,
            "preserve_client_ip": null,
            "protocol": "HTTP",
            "protocol_version": "HTTP1",
            "proxy_protocol_v2": false,
            "slow_start": 0,
            "stickiness": [
              {
                "cookie_duration": 86400,
                "enabled": false,
                "type": "lb_cookie"
              }
            ],
            "tags": {
              "Environment": "demo",
              "Name": "restaurant-tg",
              "Owner": "hugo",
              "Service": "restaurant"
            },
            "tags_all": {
              "Environment": "demo",
              "Name": "restaurant-tg",
              "Owner": "hugo",
              "Service": "restaurant"
            },
            "target_type": "ip",
            "vpc_id": "vpc-05fbfb30c5e8a80f5"
          },
          "sensitive_attributes": [],
          "private": "bnVsbA==",
          "dependencies": [
            "module.vpc.aws_vpc.this",
            "module.vpc.aws_vpc_ipv4_cidr_block_association.this",
            "data.aws_availability_zones.azs",
            "module.alb.aws_security_group.main",
            "module.rds.module.db_instance.aws_db_instance.this",
            "module.rds.random_password.master_password",
            "module.vpc.aws_subnet.public",
            "module.rds.module.db_instance.random_id.snapshot_identifier",
            "module.rds.module.db_parameter_group.aws_db_parameter_group.this",
            "module.rds.module.db_subnet_group.aws_db_subnet_group.this",
            "module.alb.aws_lb_listener.frontend_http_to_https_redirect",
            "module.alb.aws_security_group_rule.allow_port_443_ingress_for_http_to_https_redirect",
            "module.alb.aws_security_group_rule.allow_port_80_ingress_for_http_to_https_redirect",
            "module.rds.module.db_instance.aws_iam_role.enhanced_monitoring",
            "module.rds.module.db_instance.aws_iam_role_policy_attachment.enhanced_monitoring",
            "module.alb.aws_security_group_rule.egress",
            "module.rds.module.db_instance.data.aws_iam_policy_document.enhanced_monitoring",
            "module.rds.module.db_instance.data.aws_partition.current",
            "module.rds.module.db_option_group.aws_db_option_group.this",
            "aws_security_group.db_sg",
            "module.alb.aws_lb.main",
            "module.rds.module.db_instance.aws_db_instance.this_mssql",
            "module.vpc.aws_subnet.private"
          ],
          "create_before_destroy": true
        }
      ]
    },
    {
      "module": "module.ecs-fargate",
      "mode": "managed",
      "type": "aws_security_group",
      "name": "ecs_service",
      "provider": "provider[\"registry.terraform.io/hashicorp/aws\"]",
      "instances": [
        {
          "schema_version": 1,
          "attributes": {
            "arn": "arn:aws:ec2:eu-central-1:942112512222:security-group/sg-0c15bf9bd7cef0b7d",
            "description": "Fargate service security group",
            "egress": [
              {
                "cidr_blocks": [
                  "0.0.0.0/0"
                ],
                "description": "",
                "from_port": 0,
                "ipv6_cidr_blocks": [
                  "::/0"
                ],
                "prefix_list_ids": [],
                "protocol": "-1",
                "security_groups": [],
                "self": false,
                "to_port": 0
              }
            ],
            "id": "sg-0c15bf9bd7cef0b7d",
            "ingress": [
              {
                "cidr_blocks": [],
                "description": "",
                "from_port": 9000,
                "ipv6_cidr_blocks": [],
                "prefix_list_ids": [],
                "protocol": "tcp",
                "security_groups": [
                  "sg-0c6600b35ab7653a5"
                ],
                "self": false,
                "to_port": 9000
              }
            ],
            "name": "restaurant-ecs-fargate-ecs-service-sg-20210613161005907300000002",
            "name_prefix": "restaurant-ecs-fargate-ecs-service-sg-",
            "owner_id": "942112512222",
            "revoke_rules_on_delete": true,
            "tags": {
              "Environment": "demo",
              "Name": "restaurant-ecs-fargate-ecs-service-sg",
              "Owner": "hugo",
              "Service": "restaurant"
            },
            "tags_all": {
              "Environment": "demo",
              "Name": "restaurant-ecs-fargate-ecs-service-sg",
              "Owner": "hugo",
              "Service": "restaurant"
            },
            "timeouts": null,
            "vpc_id": "vpc-05fbfb30c5e8a80f5"
          },
          "sensitive_attributes": [],
          "private": "eyJlMmJmYjczMC1lY2FhLTExZTYtOGY4OC0zNDM2M2JjN2M0YzAiOnsiY3JlYXRlIjo2MDAwMDAwMDAwMDAsImRlbGV0ZSI6OTAwMDAwMDAwMDAwfSwic2NoZW1hX3ZlcnNpb24iOiIxIn0=",
          "dependencies": [
            "module.alb.aws_lb.main",
            "module.alb.aws_security_group_rule.allow_port_443_ingress_for_http_to_https_redirect",
            "module.alb.aws_security_group_rule.allow_port_80_ingress_for_http_to_https_redirect",
            "module.rds.module.db_instance.aws_db_instance.this_mssql",
            "module.rds.random_password.master_password",
            "module.vpc.aws_subnet.private",
            "module.rds.module.db_instance.data.aws_partition.current",
            "module.rds.module.db_option_group.aws_db_option_group.this",
            "module.vpc.aws_vpc.this",
            "module.rds.module.db_instance.aws_db_instance.this",
            "module.rds.module.db_instance.aws_iam_role.enhanced_monitoring",
            "module.rds.module.db_instance.aws_iam_role_policy_attachment.enhanced_monitoring",
            "module.rds.module.db_instance.data.aws_iam_policy_document.enhanced_monitoring",
            "module.rds.module.db_instance.random_id.snapshot_identifier",
            "module.rds.module.db_parameter_group.aws_db_parameter_group.this",
            "module.vpc.aws_subnet.public",
            "aws_security_group.db_sg",
            "data.aws_availability_zones.azs",
            "module.alb.aws_lb_listener.frontend_http_to_https_redirect",
            "module.alb.aws_security_group.main",
            "module.alb.aws_security_group_rule.egress",
            "module.rds.module.db_subnet_group.aws_db_subnet_group.this",
            "module.vpc.aws_vpc_ipv4_cidr_block_association.this"
          ],
          "create_before_destroy": true
        }
      ]
    },
    {
      "module": "module.ecs-fargate",
      "mode": "managed",
      "type": "aws_security_group_rule",
      "name": "egress_service",
      "provider": "provider[\"registry.terraform.io/hashicorp/aws\"]",
      "instances": [
        {
          "schema_version": 2,
          "attributes": {
            "cidr_blocks": [
              "0.0.0.0/0"
            ],
            "description": "",
            "from_port": 0,
            "id": "sgrule-3663871207",
            "ipv6_cidr_blocks": [
              "::/0"
            ],
            "prefix_list_ids": [],
            "protocol": "-1",
            "security_group_id": "sg-0c15bf9bd7cef0b7d",
            "self": false,
            "source_security_group_id": null,
            "to_port": 0,
            "type": "egress"
          },
          "sensitive_attributes": [],
          "private": "eyJzY2hlbWFfdmVyc2lvbiI6IjIifQ==",
          "dependencies": [
            "module.alb.aws_lb.main",
            "module.ecs-fargate.aws_security_group.ecs_service",
            "module.rds.module.db_instance.data.aws_partition.current",
            "module.rds.random_password.master_password",
            "module.vpc.aws_subnet.private",
            "module.vpc.aws_vpc.this",
            "data.aws_availability_zones.azs",
            "module.alb.aws_security_group_rule.egress",
            "module.rds.module.db_instance.aws_db_instance.this",
            "module.rds.module.db_instance.aws_iam_role.enhanced_monitoring",
            "module.rds.module.db_instance.aws_iam_role_policy_attachment.enhanced_monitoring",
            "module.rds.module.db_instance.data.aws_iam_policy_document.enhanced_monitoring",
            "module.alb.aws_security_group_rule.allow_port_80_ingress_for_http_to_https_redirect",
            "module.rds.module.db_instance.random_id.snapshot_identifier",
            "module.rds.module.db_subnet_group.aws_db_subnet_group.this",
            "module.alb.aws_security_group.main",
            "module.alb.aws_lb_listener.frontend_http_to_https_redirect",
            "module.alb.aws_security_group_rule.allow_port_443_ingress_for_http_to_https_redirect",
            "module.rds.module.db_instance.aws_db_instance.this_mssql",
            "module.rds.module.db_option_group.aws_db_option_group.this",
            "module.rds.module.db_parameter_group.aws_db_parameter_group.this",
            "module.vpc.aws_subnet.public",
            "module.vpc.aws_vpc_ipv4_cidr_block_association.this",
            "aws_security_group.db_sg"
          ]
        }
      ]
    },
    {
      "module": "module.rds.module.db_instance",
      "mode": "data",
      "type": "aws_iam_policy_document",
      "name": "enhanced_monitoring",
      "provider": "provider[\"registry.terraform.io/hashicorp/aws\"]",
      "instances": [
        {
          "schema_version": 0,
          "attributes": {
            "id": "1813475199",
            "json": "{\n  \"Version\": \"2012-10-17\",\n  \"Statement\": [\n    {\n      \"Sid\": \"\",\n      \"Effect\": \"Allow\",\n      \"Action\": \"sts:AssumeRole\",\n      \"Principal\": {\n        \"Service\": \"monitoring.rds.amazonaws.com\"\n      }\n    }\n  ]\n}",
            "override_json": null,
            "override_policy_documents": null,
            "policy_id": null,
            "source_json": null,
            "source_policy_documents": null,
            "statement": [
              {
                "actions": [
                  "sts:AssumeRole"
                ],
                "condition": [],
                "effect": "Allow",
                "not_actions": [],
                "not_principals": [],
                "not_resources": [],
                "principals": [
                  {
                    "identifiers": [
                      "monitoring.rds.amazonaws.com"
                    ],
                    "type": "Service"
                  }
                ],
                "resources": [],
                "sid": ""
              }
            ],
            "version": "2012-10-17"
          },
          "sensitive_attributes": []
        }
      ]
    },
    {
      "module": "module.rds.module.db_instance",
      "mode": "data",
      "type": "aws_partition",
      "name": "current",
      "provider": "provider[\"registry.terraform.io/hashicorp/aws\"]",
      "instances": [
        {
          "schema_version": 0,
          "attributes": {
            "dns_suffix": "amazonaws.com",
            "id": "aws",
            "partition": "aws",
            "reverse_dns_prefix": "com.amazonaws"
          },
          "sensitive_attributes": []
        }
      ]
    },
    {
      "module": "module.rds.module.db_instance",
      "mode": "managed",
      "type": "aws_db_instance",
      "name": "this",
      "provider": "provider[\"registry.terraform.io/hashicorp/aws\"]",
      "instances": [
        {
          "index_key": 0,
          "schema_version": 1,
          "attributes": {
            "address": "restaurant-db.czithxfsjhgh.eu-central-1.rds.amazonaws.com",
            "allocated_storage": 5,
            "allow_major_version_upgrade": false,
            "apply_immediately": false,
            "arn": "arn:aws:rds:eu-central-1:942112512222:db:restaurant-db",
            "auto_minor_version_upgrade": true,
            "availability_zone": "eu-central-1c",
            "backup_retention_period": 0,
            "backup_window": "20:42-21:12",
            "ca_cert_identifier": "rds-ca-2019",
            "character_set_name": null,
            "copy_tags_to_snapshot": false,
            "db_subnet_group_name": "restaurant-db-20210613161007104300000003",
            "delete_automated_backups": true,
            "deletion_protection": false,
            "domain": "",
            "domain_iam_role_name": "",
            "enabled_cloudwatch_logs_exports": [],
            "endpoint": "restaurant-db.czithxfsjhgh.eu-central-1.rds.amazonaws.com:5432",
            "engine": "postgres",
            "engine_version": "13.2",
            "final_snapshot_identifier": "final-restaurant-db-e5861c4c",
            "hosted_zone_id": "Z1RLNUO7B9Q6NB",
            "iam_database_authentication_enabled": false,
            "id": "restaurant-db",
            "identifier": "restaurant-db",
            "identifier_prefix": null,
            "instance_class": "db.t3.medium",
            "iops": 0,
            "kms_key_id": "",
            "latest_restorable_time": "0001-01-01T00:00:00Z",
            "license_model": "postgresql-license",
            "maintenance_window": "sat:01:32-sat:02:02",
            "max_allocated_storage": 0,
            "monitoring_interval": 0,
            "monitoring_role_arn": "",
            "multi_az": false,
            "name": "restaurant",
            "option_group_name": "default:postgres-13",
            "parameter_group_name": "default.postgres13",
            "password": "1234-abcd",
            "performance_insights_enabled": false,
            "performance_insights_kms_key_id": "",
            "performance_insights_retention_period": 0,
            "port": 5432,
            "publicly_accessible": false,
            "replicas": [],
            "replicate_source_db": "",
            "resource_id": "db-QSNMETXZT3AXXHPUDMTI63RQWU",
            "restore_to_point_in_time": [],
            "s3_import": [],
            "security_group_names": [],
            "skip_final_snapshot": false,
            "snapshot_identifier": null,
            "status": "available",
            "storage_encrypted": false,
            "storage_type": "gp2",
            "tags": {
              "Environment": "demo",
              "Name": "restaurant-db",
              "Owner": "hugo",
              "Service": "restaurant"
            },
            "tags_all": {
              "Environment": "demo",
              "Name": "restaurant-db",
              "Owner": "hugo",
              "Service": "restaurant"
            },
            "timeouts": {
              "create": "40m",
              "delete": "40m",
              "update": "80m"
            },
            "timezone": "",
            "username": "restaurant",
            "vpc_security_group_ids": [
              "sg-0e1507e7656d8c6df"
            ]
          },
          "sensitive_attributes": [],
          "private": "eyJlMmJmYjczMC1lY2FhLTExZTYtOGY4OC0zNDM2M2JjN2M0YzAiOnsiY3JlYXRlIjoyNDAwMDAwMDAwMDAwLCJkZWxldGUiOjI0MDAwMDAwMDAwMDAsInVwZGF0ZSI6NDgwMDAwMDAwMDAwMH0sInNjaGVtYV92ZXJzaW9uIjoiMSJ9",
          "dependencies": [
            "module.rds.module.db_instance.random_id.snapshot_identifier",
            "module.rds.module.db_subnet_group.aws_db_subnet_group.this",
            "module.vpc.aws_subnet.private",
            "module.vpc.aws_vpc.this",
            "module.rds.module.db_instance.data.aws_iam_policy_document.enhanced_monitoring",
            "data.aws_availability_zones.azs",
            "module.rds.module.db_instance.aws_iam_role.enhanced_monitoring",
            "module.rds.module.db_option_group.aws_db_option_group.this",
            "module.rds.module.db_parameter_group.aws_db_parameter_group.this",
            "module.rds.random_password.master_password",
            "module.vpc.aws_vpc_ipv4_cidr_block_association.this",
            "aws_security_group.db_sg"
          ],
          "create_before_destroy": true
        }
      ]
    },
    {
      "module": "module.rds.module.db_instance",
      "mode": "managed",
      "type": "random_id",
      "name": "snapshot_identifier",
      "provider": "provider[\"registry.terraform.io/hashicorp/random\"]",
      "instances": [
        {
          "index_key": 0,
          "schema_version": 0,
          "attributes": {
            "b64_std": "5YYcTA==",
            "b64_url": "5YYcTA",
            "byte_length": 4,
            "dec": "3850771532",
            "hex": "e5861c4c",
            "id": "5YYcTA",
            "keepers": {
              "id": "restaurant-db"
            },
            "prefix": null
          },
          "sensitive_attributes": [],
          "private": "bnVsbA==",
          "create_before_destroy": true
        }
      ]
    },
    {
      "module": "module.rds.module.db_subnet_group",
      "mode": "managed",
      "type": "aws_db_subnet_group",
      "name": "this",
      "provider": "provider[\"registry.terraform.io/hashicorp/aws\"]",
      "instances": [
        {
          "index_key": 0,
          "schema_version": 0,
          "attributes": {
            "arn": "arn:aws:rds:eu-central-1:942112512222:subgrp:restaurant-db-20210613161007104300000003",
            "description": "restaurant-db subnet group",
            "id": "restaurant-db-20210613161007104300000003",
            "name": "restaurant-db-20210613161007104300000003",
            "name_prefix": "restaurant-db-",
            "subnet_ids": [
              "subnet-025668174d71539ee",
              "subnet-0bd4ab57c1b12175c",
              "subnet-0ca30be645b6c31ee"
            ],
            "tags": {
              "Environment": "demo",
              "Name": "restaurant-db",
              "Owner": "hugo",
              "Service": "restaurant"
            },
            "tags_all": {
              "Environment": "demo",
              "Name": "restaurant-db",
              "Owner": "hugo",
              "Service": "restaurant"
            }
          },
          "sensitive_attributes": [],
          "private": "bnVsbA==",
          "dependencies": [
            "data.aws_availability_zones.azs",
            "module.vpc.aws_subnet.private",
            "module.vpc.aws_vpc.this",
            "module.vpc.aws_vpc_ipv4_cidr_block_association.this"
          ],
          "create_before_destroy": true
        }
      ]
    },
    {
      "module": "module.security_group",
      "mode": "managed",
      "type": "aws_security_group_rule",
      "name": "ingress_rules",
      "provider": "provider[\"registry.terraform.io/hashicorp/aws\"]",
      "instances": [
        {
          "index_key": 0,
          "schema_version": 2,
          "attributes": {
            "cidr_blocks": [
              "0.0.0.0/0"
            ],
            "description": "HTTP",
            "from_port": 80,
            "id": "sgrule-1950579849",
            "ipv6_cidr_blocks": [],
            "prefix_list_ids": [],
            "protocol": "tcp",
            "security_group_id": "sg-0c6600b35ab7653a5",
            "self": false,
            "source_security_group_id": null,
            "to_port": 80,
            "type": "ingress"
          },
          "sensitive_attributes": [],
          "private": "eyJzY2hlbWFfdmVyc2lvbiI6IjIifQ==",
          "dependencies": [
            "module.security_group.aws_security_group.this_name_prefix",
            "module.vpc.aws_vpc.this",
            "module.alb.aws_security_group.main",
            "module.security_group.aws_security_group.this"
          ]
        },
        {
          "index_key": 1,
          "schema_version": 2,
          "attributes": {
            "cidr_blocks": [
              "0.0.0.0/0"
            ],
            "description": "All IPV4 ICMP",
            "from_port": -1,
            "id": "sgrule-2421009434",
            "ipv6_cidr_blocks": [],
            "prefix_list_ids": [],
            "protocol": "icmp",
            "security_group_id": "sg-0c6600b35ab7653a5",
            "self": false,
            "source_security_group_id": null,
            "to_port": -1,
            "type": "ingress"
          },
          "sensitive_attributes": [],
          "private": "eyJzY2hlbWFfdmVyc2lvbiI6IjIifQ==",
          "dependencies": [
            "module.alb.aws_security_group.main",
            "module.security_group.aws_security_group.this",
            "module.security_group.aws_security_group.this_name_prefix",
            "module.vpc.aws_vpc.this"
          ]
        }
      ]
    },
    {
      "module": "module.vpc",
      "mode": "managed",
      "type": "aws_eip",
      "name": "nat",
      "provider": "provider[\"registry.terraform.io/hashicorp/aws\"]",
      "instances": [
        {
          "index_key": 0,
          "schema_version": 0,
          "attributes": {
            "address": null,
            "allocation_id": null,
            "associate_with_private_ip": null,
            "association_id": "eipassoc-051f07e63ec90414e",
            "carrier_ip": "",
            "customer_owned_ip": "",
            "customer_owned_ipv4_pool": "",
            "domain": "vpc",
            "id": "eipalloc-af95e893",
            "instance": "",
            "network_border_group": "eu-central-1",
            "network_interface": "eni-07789b95c661390b1",
            "private_dns": "ip-10-0-101-209.eu-central-1.compute.internal",
            "private_ip": "10.0.101.209",
            "public_dns": "ec2-3-67-241-38.eu-central-1.compute.amazonaws.com",
            "public_ip": "3.67.241.38",
            "public_ipv4_pool": "amazon",
            "tags": {
              "Environment": "demo",
              "Name": "restaurant-vpc-eu-central-1a",
              "Owner": "hugo",
              "Service": "restaurant"
            },
            "tags_all": {
              "Environment": "demo",
              "Name": "restaurant-vpc-eu-central-1a",
              "Owner": "hugo",
              "Service": "restaurant"
            },
            "timeouts": null,
            "vpc": true
          },
          "sensitive_attributes": [],
          "private": "eyJlMmJmYjczMC1lY2FhLTExZTYtOGY4OC0zNDM2M2JjN2M0YzAiOnsiZGVsZXRlIjoxODAwMDAwMDAwMDAsInJlYWQiOjkwMDAwMDAwMDAwMCwidXBkYXRlIjozMDAwMDAwMDAwMDB9fQ==",
          "dependencies": [
            "data.aws_availability_zones.azs"
          ]
        }
      ]
    },
    {
      "module": "module.vpc",
      "mode": "managed",
      "type": "aws_internet_gateway",
      "name": "this",
      "provider": "provider[\"registry.terraform.io/hashicorp/aws\"]",
      "instances": [
        {
          "index_key": 0,
          "schema_version": 0,
          "attributes": {
            "arn": "arn:aws:ec2:eu-central-1:942112512222:internet-gateway/igw-0af84c1f640a12352",
            "id": "igw-0af84c1f640a12352",
            "owner_id": "942112512222",
            "tags": {
              "Environment": "demo",
              "Name": "restaurant-vpc",
              "Owner": "hugo",
              "Service": "restaurant"
            },
            "tags_all": {
              "Environment": "demo",
              "Name": "restaurant-vpc",
              "Owner": "hugo",
              "Service": "restaurant"
            },
            "vpc_id": "vpc-05fbfb30c5e8a80f5"
          },
          "sensitive_attributes": [],
          "private": "bnVsbA==",
          "dependencies": [
            "module.vpc.aws_vpc.this",
            "module.vpc.aws_vpc_ipv4_cidr_block_association.this"
          ]
        }
      ]
    },
    {
      "module": "module.vpc",
      "mode": "managed",
      "type": "aws_nat_gateway",
      "name": "this",
      "provider": "provider[\"registry.terraform.io/hashicorp/aws\"]",
      "instances": [
        {
          "index_key": 0,
          "schema_version": 0,
          "attributes": {
            "allocation_id": "eipalloc-af95e893",
            "connectivity_type": "public",
            "id": "nat-021ad2274175c89f1",
            "network_interface_id": "eni-07789b95c661390b1",
            "private_ip": "10.0.101.209",
            "public_ip": "3.67.241.38",
            "subnet_id": "subnet-0fe927ee5c497e092",
            "tags": {
              "Environment": "demo",
              "Name": "restaurant-vpc-eu-central-1a",
              "Owner": "hugo",
              "Service": "restaurant"
            },
            "tags_all": {
              "Environment": "demo",
              "Name": "restaurant-vpc-eu-central-1a",
              "Owner": "hugo",
              "Service": "restaurant"
            }
          },
          "sensitive_attributes": [],
          "private": "bnVsbA==",
          "dependencies": [
            "module.vpc.aws_vpc.this",
            "module.vpc.aws_vpc_ipv4_cidr_block_association.this",
            "data.aws_availability_zones.azs",
            "module.vpc.aws_eip.nat",
            "module.vpc.aws_internet_gateway.this",
            "module.vpc.aws_subnet.public"
          ]
        }
      ]
    },
    {
      "module": "module.vpc",
      "mode": "managed",
      "type": "aws_route",
      "name": "private_nat_gateway",
      "provider": "provider[\"registry.terraform.io/hashicorp/aws\"]",
      "instances": [
        {
          "index_key": 0,
          "schema_version": 0,
          "attributes": {
            "carrier_gateway_id": "",
            "destination_cidr_block": "0.0.0.0/0",
            "destination_ipv6_cidr_block": "",
            "destination_prefix_list_id": "",
            "egress_only_gateway_id": "",
            "gateway_id": "",
            "id": "r-rtb-0a19e531adf5a18341080289494",
            "instance_id": "",
            "instance_owner_id": "",
            "local_gateway_id": "",
            "nat_gateway_id": "nat-021ad2274175c89f1",
            "network_interface_id": "",
            "origin": "CreateRoute",
            "route_table_id": "rtb-0a19e531adf5a1834",
            "state": "active",
            "timeouts": {
              "create": "5m",
              "delete": null
            },
            "transit_gateway_id": "",
            "vpc_endpoint_id": "",
            "vpc_peering_connection_id": ""
          },
          "sensitive_attributes": [],
          "private": "eyJlMmJmYjczMC1lY2FhLTExZTYtOGY4OC0zNDM2M2JjN2M0YzAiOnsiY3JlYXRlIjozMDAwMDAwMDAwMDAsImRlbGV0ZSI6MzAwMDAwMDAwMDAwfX0=",
          "dependencies": [
            "data.aws_availability_zones.azs",
            "module.vpc.aws_eip.nat",
            "module.vpc.aws_internet_gateway.this",
            "module.vpc.aws_nat_gateway.this",
            "module.vpc.aws_route_table.private",
            "module.vpc.aws_subnet.public",
            "module.vpc.aws_vpc.this",
            "module.vpc.aws_vpc_ipv4_cidr_block_association.this"
          ]
        }
      ]
    },
    {
      "module": "module.vpc",
      "mode": "managed",
      "type": "aws_route",
      "name": "public_internet_gateway",
      "provider": "provider[\"registry.terraform.io/hashicorp/aws\"]",
      "instances": [
        {
          "index_key": 0,
          "schema_version": 0,
          "attributes": {
            "carrier_gateway_id": "",
            "destination_cidr_block": "0.0.0.0/0",
            "destination_ipv6_cidr_block": "",
            "destination_prefix_list_id": "",
            "egress_only_gateway_id": "",
            "gateway_id": "igw-0af84c1f640a12352",
            "id": "r-rtb-00cb58f9b601d63201080289494",
            "instance_id": "",
            "instance_owner_id": "",
            "local_gateway_id": "",
            "nat_gateway_id": "",
            "network_interface_id": "",
            "origin": "CreateRoute",
            "route_table_id": "rtb-00cb58f9b601d6320",
            "state": "active",
            "timeouts": {
              "create": "5m",
              "delete": null
            },
            "transit_gateway_id": "",
            "vpc_endpoint_id": "",
            "vpc_peering_connection_id": ""
          },
          "sensitive_attributes": [],
          "private": "eyJlMmJmYjczMC1lY2FhLTExZTYtOGY4OC0zNDM2M2JjN2M0YzAiOnsiY3JlYXRlIjozMDAwMDAwMDAwMDAsImRlbGV0ZSI6MzAwMDAwMDAwMDAwfX0=",
          "dependencies": [
            "module.vpc.aws_internet_gateway.this",
            "module.vpc.aws_route_table.public",
            "module.vpc.aws_vpc.this",
            "module.vpc.aws_vpc_ipv4_cidr_block_association.this"
          ]
        }
      ]
    },
    {
      "module": "module.vpc",
      "mode": "managed",
      "type": "aws_route_table",
      "name": "private",
      "provider": "provider[\"registry.terraform.io/hashicorp/aws\"]",
      "instances": [
        {
          "index_key": 0,
          "schema_version": 0,
          "attributes": {
            "arn": "arn:aws:ec2:eu-central-1:942112512222:route-table/rtb-0a19e531adf5a1834",
            "id": "rtb-0a19e531adf5a1834",
            "owner_id": "942112512222",
            "propagating_vgws": [],
            "route": [
              {
                "carrier_gateway_id": "",
                "cidr_block": "0.0.0.0/0",
                "destination_prefix_list_id": "",
                "egress_only_gateway_id": "",
                "gateway_id": "",
                "instance_id": "",
                "ipv6_cidr_block": "",
                "local_gateway_id": "",
                "nat_gateway_id": "nat-021ad2274175c89f1",
                "network_interface_id": "",
                "transit_gateway_id": "",
                "vpc_endpoint_id": "",
                "vpc_peering_connection_id": ""
              }
            ],
            "tags": {
              "Environment": "demo",
              "Name": "restaurant-vpc-private",
              "Owner": "hugo",
              "Service": "restaurant"
            },
            "tags_all": {
              "Environment": "demo",
              "Name": "restaurant-vpc-private",
              "Owner": "hugo",
              "Service": "restaurant"
            },
            "vpc_id": "vpc-05fbfb30c5e8a80f5"
          },
          "sensitive_attributes": [],
          "private": "bnVsbA==",
          "dependencies": [
            "data.aws_availability_zones.azs",
            "module.vpc.aws_vpc.this",
            "module.vpc.aws_vpc_ipv4_cidr_block_association.this"
          ]
        }
      ]
    },
    {
      "module": "module.vpc",
      "mode": "managed",
      "type": "aws_route_table",
      "name": "public",
      "provider": "provider[\"registry.terraform.io/hashicorp/aws\"]",
      "instances": [
        {
          "index_key": 0,
          "schema_version": 0,
          "attributes": {
            "arn": "arn:aws:ec2:eu-central-1:942112512222:route-table/rtb-00cb58f9b601d6320",
            "id": "rtb-00cb58f9b601d6320",
            "owner_id": "942112512222",
            "propagating_vgws": [],
            "route": [
              {
                "carrier_gateway_id": "",
                "cidr_block": "0.0.0.0/0",
                "destination_prefix_list_id": "",
                "egress_only_gateway_id": "",
                "gateway_id": "igw-0af84c1f640a12352",
                "instance_id": "",
                "ipv6_cidr_block": "",
                "local_gateway_id": "",
                "nat_gateway_id": "",
                "network_interface_id": "",
                "transit_gateway_id": "",
                "vpc_endpoint_id": "",
                "vpc_peering_connection_id": ""
              }
            ],
            "tags": {
              "Environment": "demo",
              "Name": "restaurant-vpc-public",
              "Owner": "hugo",
              "Service": "restaurant"
            },
            "tags_all": {
              "Environment": "demo",
              "Name": "restaurant-vpc-public",
              "Owner": "hugo",
              "Service": "restaurant"
            },
            "vpc_id": "vpc-05fbfb30c5e8a80f5"
          },
          "sensitive_attributes": [],
          "private": "bnVsbA==",
          "dependencies": [
            "module.vpc.aws_vpc.this",
            "module.vpc.aws_vpc_ipv4_cidr_block_association.this"
          ]
        }
      ]
    },
    {
      "module": "module.vpc",
      "mode": "managed",
      "type": "aws_route_table_association",
      "name": "private",
      "provider": "provider[\"registry.terraform.io/hashicorp/aws\"]",
      "instances": [
        {
          "index_key": 0,
          "schema_version": 0,
          "attributes": {
            "gateway_id": null,
            "id": "rtbassoc-0b59eca8f563dfea3",
            "route_table_id": "rtb-0a19e531adf5a1834",
            "subnet_id": "subnet-0ca30be645b6c31ee"
          },
          "sensitive_attributes": [],
          "private": "bnVsbA==",
          "dependencies": [
            "data.aws_availability_zones.azs",
            "module.vpc.aws_route_table.private",
            "module.vpc.aws_subnet.private",
            "module.vpc.aws_vpc.this",
            "module.vpc.aws_vpc_ipv4_cidr_block_association.this"
          ]
        },
        {
          "index_key": 1,
          "schema_version": 0,
          "attributes": {
            "gateway_id": null,
            "id": "rtbassoc-03707d6f3c6d05428",
            "route_table_id": "rtb-0a19e531adf5a1834",
            "subnet_id": "subnet-025668174d71539ee"
          },
          "sensitive_attributes": [],
          "private": "bnVsbA==",
          "dependencies": [
            "data.aws_availability_zones.azs",
            "module.vpc.aws_route_table.private",
            "module.vpc.aws_subnet.private",
            "module.vpc.aws_vpc.this",
            "module.vpc.aws_vpc_ipv4_cidr_block_association.this"
          ]
        },
        {
          "index_key": 2,
          "schema_version": 0,
          "attributes": {
            "gateway_id": null,
            "id": "rtbassoc-0289664b0ac780c72",
            "route_table_id": "rtb-0a19e531adf5a1834",
            "subnet_id": "subnet-0bd4ab57c1b12175c"
          },
          "sensitive_attributes": [],
          "private": "bnVsbA==",
          "dependencies": [
            "data.aws_availability_zones.azs",
            "module.vpc.aws_route_table.private",
            "module.vpc.aws_subnet.private",
            "module.vpc.aws_vpc.this",
            "module.vpc.aws_vpc_ipv4_cidr_block_association.this"
          ]
        }
      ]
    },
    {
      "module": "module.vpc",
      "mode": "managed",
      "type": "aws_route_table_association",
      "name": "public",
      "provider": "provider[\"registry.terraform.io/hashicorp/aws\"]",
      "instances": [
        {
          "index_key": 0,
          "schema_version": 0,
          "attributes": {
            "gateway_id": null,
            "id": "rtbassoc-04cd825859dd2b147",
            "route_table_id": "rtb-00cb58f9b601d6320",
            "subnet_id": "subnet-0fe927ee5c497e092"
          },
          "sensitive_attributes": [],
          "private": "bnVsbA==",
          "dependencies": [
            "data.aws_availability_zones.azs",
            "module.vpc.aws_route_table.public",
            "module.vpc.aws_subnet.public",
            "module.vpc.aws_vpc.this",
            "module.vpc.aws_vpc_ipv4_cidr_block_association.this"
          ]
        },
        {
          "index_key": 1,
          "schema_version": 0,
          "attributes": {
            "gateway_id": null,
            "id": "rtbassoc-0b50b44e620a8e8bc",
            "route_table_id": "rtb-00cb58f9b601d6320",
            "subnet_id": "subnet-0bab31b667933f13e"
          },
          "sensitive_attributes": [],
          "private": "bnVsbA==",
          "dependencies": [
            "data.aws_availability_zones.azs",
            "module.vpc.aws_route_table.public",
            "module.vpc.aws_subnet.public",
            "module.vpc.aws_vpc.this",
            "module.vpc.aws_vpc_ipv4_cidr_block_association.this"
          ]
        },
        {
          "index_key": 2,
          "schema_version": 0,
          "attributes": {
            "gateway_id": null,
            "id": "rtbassoc-0319153b1c7b6c533",
            "route_table_id": "rtb-00cb58f9b601d6320",
            "subnet_id": "subnet-056e1ceec6ab4372b"
          },
          "sensitive_attributes": [],
          "private": "bnVsbA==",
          "dependencies": [
            "data.aws_availability_zones.azs",
            "module.vpc.aws_route_table.public",
            "module.vpc.aws_subnet.public",
            "module.vpc.aws_vpc.this",
            "module.vpc.aws_vpc_ipv4_cidr_block_association.this"
          ]
        }
      ]
    },
    {
      "module": "module.vpc",
      "mode": "managed",
      "type": "aws_subnet",
      "name": "private",
      "provider": "provider[\"registry.terraform.io/hashicorp/aws\"]",
      "instances": [
        {
          "index_key": 0,
          "schema_version": 1,
          "attributes": {
            "arn": "arn:aws:ec2:eu-central-1:942112512222:subnet/subnet-0ca30be645b6c31ee",
            "assign_ipv6_address_on_creation": false,
            "availability_zone": "eu-central-1a",
            "availability_zone_id": "euc1-az2",
            "cidr_block": "10.0.1.0/24",
            "customer_owned_ipv4_pool": "",
            "id": "subnet-0ca30be645b6c31ee",
            "ipv6_cidr_block": "",
            "ipv6_cidr_block_association_id": "",
            "map_customer_owned_ip_on_launch": false,
            "map_public_ip_on_launch": false,
            "outpost_arn": "",
            "owner_id": "942112512222",
            "tags": {
              "Environment": "demo",
              "Name": "restaurant-vpc-private-eu-central-1a",
              "Owner": "hugo",
              "Service": "restaurant"
            },
            "tags_all": {
              "Environment": "demo",
              "Name": "restaurant-vpc-private-eu-central-1a",
              "Owner": "hugo",
              "Service": "restaurant"
            },
            "timeouts": null,
            "vpc_id": "vpc-05fbfb30c5e8a80f5"
          },
          "sensitive_attributes": [],
          "private": "eyJlMmJmYjczMC1lY2FhLTExZTYtOGY4OC0zNDM2M2JjN2M0YzAiOnsiY3JlYXRlIjo2MDAwMDAwMDAwMDAsImRlbGV0ZSI6MTIwMDAwMDAwMDAwMH0sInNjaGVtYV92ZXJzaW9uIjoiMSJ9",
          "dependencies": [
            "data.aws_availability_zones.azs",
            "module.vpc.aws_vpc.this",
            "module.vpc.aws_vpc_ipv4_cidr_block_association.this"
          ],
          "create_before_destroy": true
        },
        {
          "index_key": 1,
          "schema_version": 1,
          "attributes": {
            "arn": "arn:aws:ec2:eu-central-1:942112512222:subnet/subnet-025668174d71539ee",
            "assign_ipv6_address_on_creation": false,
            "availability_zone": "eu-central-1b",
            "availability_zone_id": "euc1-az3",
            "cidr_block": "10.0.2.0/24",
            "customer_owned_ipv4_pool": "",
            "id": "subnet-025668174d71539ee",
            "ipv6_cidr_block": "",
            "ipv6_cidr_block_association_id": "",
            "map_customer_owned_ip_on_launch": false,
            "map_public_ip_on_launch": false,
            "outpost_arn": "",
            "owner_id": "942112512222",
            "tags": {
              "Environment": "demo",
              "Name": "restaurant-vpc-private-eu-central-1b",
              "Owner": "hugo",
              "Service": "restaurant"
            },
            "tags_all": {
              "Environment": "demo",
              "Name": "restaurant-vpc-private-eu-central-1b",
              "Owner": "hugo",
              "Service": "restaurant"
            },
            "timeouts": null,
            "vpc_id": "vpc-05fbfb30c5e8a80f5"
          },
          "sensitive_attributes": [],
          "private": "eyJlMmJmYjczMC1lY2FhLTExZTYtOGY4OC0zNDM2M2JjN2M0YzAiOnsiY3JlYXRlIjo2MDAwMDAwMDAwMDAsImRlbGV0ZSI6MTIwMDAwMDAwMDAwMH0sInNjaGVtYV92ZXJzaW9uIjoiMSJ9",
          "dependencies": [
            "module.vpc.aws_vpc_ipv4_cidr_block_association.this",
            "data.aws_availability_zones.azs",
            "module.vpc.aws_vpc.this"
          ],
          "create_before_destroy": true
        },
        {
          "index_key": 2,
          "schema_version": 1,
          "attributes": {
            "arn": "arn:aws:ec2:eu-central-1:942112512222:subnet/subnet-0bd4ab57c1b12175c",
            "assign_ipv6_address_on_creation": false,
            "availability_zone": "eu-central-1c",
            "availability_zone_id": "euc1-az1",
            "cidr_block": "10.0.3.0/24",
            "customer_owned_ipv4_pool": "",
            "id": "subnet-0bd4ab57c1b12175c",
            "ipv6_cidr_block": "",
            "ipv6_cidr_block_association_id": "",
            "map_customer_owned_ip_on_launch": false,
            "map_public_ip_on_launch": false,
            "outpost_arn": "",
            "owner_id": "942112512222",
            "tags": {
              "Environment": "demo",
              "Name": "restaurant-vpc-private-eu-central-1c",
              "Owner": "hugo",
              "Service": "restaurant"
            },
            "tags_all": {
              "Environment": "demo",
              "Name": "restaurant-vpc-private-eu-central-1c",
              "Owner": "hugo",
              "Service": "restaurant"
            },
            "timeouts": null,
            "vpc_id": "vpc-05fbfb30c5e8a80f5"
          },
          "sensitive_attributes": [],
          "private": "eyJlMmJmYjczMC1lY2FhLTExZTYtOGY4OC0zNDM2M2JjN2M0YzAiOnsiY3JlYXRlIjo2MDAwMDAwMDAwMDAsImRlbGV0ZSI6MTIwMDAwMDAwMDAwMH0sInNjaGVtYV92ZXJzaW9uIjoiMSJ9",
          "dependencies": [
            "data.aws_availability_zones.azs",
            "module.vpc.aws_vpc.this",
            "module.vpc.aws_vpc_ipv4_cidr_block_association.this"
          ],
          "create_before_destroy": true
        }
      ]
    },
    {
      "module": "module.vpc",
      "mode": "managed",
      "type": "aws_subnet",
      "name": "public",
      "provider": "provider[\"registry.terraform.io/hashicorp/aws\"]",
      "instances": [
        {
          "index_key": 0,
          "schema_version": 1,
          "attributes": {
            "arn": "arn:aws:ec2:eu-central-1:942112512222:subnet/subnet-0fe927ee5c497e092",
            "assign_ipv6_address_on_creation": false,
            "availability_zone": "eu-central-1a",
            "availability_zone_id": "euc1-az2",
            "cidr_block": "10.0.101.0/24",
            "customer_owned_ipv4_pool": "",
            "id": "subnet-0fe927ee5c497e092",
            "ipv6_cidr_block": "",
            "ipv6_cidr_block_association_id": "",
            "map_customer_owned_ip_on_launch": false,
            "map_public_ip_on_launch": true,
            "outpost_arn": "",
            "owner_id": "942112512222",
            "tags": {
              "Environment": "demo",
              "Name": "restaurant-vpc-public-eu-central-1a",
              "Owner": "hugo",
              "Service": "restaurant"
            },
            "tags_all": {
              "Environment": "demo",
              "Name": "restaurant-vpc-public-eu-central-1a",
              "Owner": "hugo",
              "Service": "restaurant"
            },
            "timeouts": null,
            "vpc_id": "vpc-05fbfb30c5e8a80f5"
          },
          "sensitive_attributes": [],
          "private": "eyJlMmJmYjczMC1lY2FhLTExZTYtOGY4OC0zNDM2M2JjN2M0YzAiOnsiY3JlYXRlIjo2MDAwMDAwMDAwMDAsImRlbGV0ZSI6MTIwMDAwMDAwMDAwMH0sInNjaGVtYV92ZXJzaW9uIjoiMSJ9",
          "dependencies": [
            "data.aws_availability_zones.azs",
            "module.vpc.aws_vpc.this",
            "module.vpc.aws_vpc_ipv4_cidr_block_association.this"
          ],
          "create_before_destroy": true
        },
        {
          "index_key": 1,
          "schema_version": 1,
          "attributes": {
            "arn": "arn:aws:ec2:eu-central-1:942112512222:subnet/subnet-0bab31b667933f13e",
            "assign_ipv6_address_on_creation": false,
            "availability_zone": "eu-central-1b",
            "availability_zone_id": "euc1-az3",
            "cidr_block": "10.0.102.0/24",
            "customer_owned_ipv4_pool": "",
            "id": "subnet-0bab31b667933f13e",
            "ipv6_cidr_block": "",
            "ipv6_cidr_block_association_id": "",
            "map_customer_owned_ip_on_launch": false,
            "map_public_ip_on_launch": true,
            "outpost_arn": "",
            "owner_id": "942112512222",
            "tags": {
              "Environment": "demo",
              "Name": "restaurant-vpc-public-eu-central-1b",
              "Owner": "hugo",
              "Service": "restaurant"
            },
            "tags_all": {
              "Environment": "demo",
              "Name": "restaurant-vpc-public-eu-central-1b",
              "Owner": "hugo",
              "Service": "restaurant"
            },
            "timeouts": null,
            "vpc_id": "vpc-05fbfb30c5e8a80f5"
          },
          "sensitive_attributes": [],
          "private": "eyJlMmJmYjczMC1lY2FhLTExZTYtOGY4OC0zNDM2M2JjN2M0YzAiOnsiY3JlYXRlIjo2MDAwMDAwMDAwMDAsImRlbGV0ZSI6MTIwMDAwMDAwMDAwMH0sInNjaGVtYV92ZXJzaW9uIjoiMSJ9",
          "dependencies": [
            "data.aws_availability_zones.azs",
            "module.vpc.aws_vpc.this",
            "module.vpc.aws_vpc_ipv4_cidr_block_association.this"
          ],
          "create_before_destroy": true
        },
        {
          "index_key": 2,
          "schema_version": 1,
          "attributes": {
            "arn": "arn:aws:ec2:eu-central-1:942112512222:subnet/subnet-056e1ceec6ab4372b",
            "assign_ipv6_address_on_creation": false,
            "availability_zone": "eu-central-1c",
            "availability_zone_id": "euc1-az1",
            "cidr_block": "10.0.103.0/24",
            "customer_owned_ipv4_pool": "",
            "id": "subnet-056e1ceec6ab4372b",
            "ipv6_cidr_block": "",
            "ipv6_cidr_block_association_id": "",
            "map_customer_owned_ip_on_launch": false,
            "map_public_ip_on_launch": true,
            "outpost_arn": "",
            "owner_id": "942112512222",
            "tags": {
              "Environment": "demo",
              "Name": "restaurant-vpc-public-eu-central-1c",
              "Owner": "hugo",
              "Service": "restaurant"
            },
            "tags_all": {
              "Environment": "demo",
              "Name": "restaurant-vpc-public-eu-central-1c",
              "Owner": "hugo",
              "Service": "restaurant"
            },
            "timeouts": null,
            "vpc_id": "vpc-05fbfb30c5e8a80f5"
          },
          "sensitive_attributes": [],
          "private": "eyJlMmJmYjczMC1lY2FhLTExZTYtOGY4OC0zNDM2M2JjN2M0YzAiOnsiY3JlYXRlIjo2MDAwMDAwMDAwMDAsImRlbGV0ZSI6MTIwMDAwMDAwMDAwMH0sInNjaGVtYV92ZXJzaW9uIjoiMSJ9",
          "dependencies": [
            "data.aws_availability_zones.azs",
            "module.vpc.aws_vpc.this",
            "module.vpc.aws_vpc_ipv4_cidr_block_association.this"
          ],
          "create_before_destroy": true
        }
      ]
    },
    {
      "module": "module.vpc",
      "mode": "managed",
      "type": "aws_vpc",
      "name": "this",
      "provider": "provider[\"registry.terraform.io/hashicorp/aws\"]",
      "instances": [
        {
          "index_key": 0,
          "schema_version": 1,
          "attributes": {
            "arn": "arn:aws:ec2:eu-central-1:942112512222:vpc/vpc-05fbfb30c5e8a80f5",
            "assign_generated_ipv6_cidr_block": false,
            "cidr_block": "10.0.0.0/16",
            "default_network_acl_id": "acl-0c944f22cf84de9e4",
            "default_route_table_id": "rtb-033b0552dc66b0a49",
            "default_security_group_id": "sg-01996b776576bf96e",
            "dhcp_options_id": "dopt-e0a33a8a",
            "enable_classiclink": null,
            "enable_classiclink_dns_support": null,
            "enable_dns_hostnames": true,
            "enable_dns_support": true,
            "id": "vpc-05fbfb30c5e8a80f5",
            "instance_tenancy": "default",
            "ipv6_association_id": "",
            "ipv6_cidr_block": "",
            "main_route_table_id": "rtb-033b0552dc66b0a49",
            "owner_id": "942112512222",
            "tags": {
              "Environment": "demo",
              "Name": "restaurant-vpc",
              "Owner": "hugo",
              "Service": "restaurant"
            },
            "tags_all": {
              "Environment": "demo",
              "Name": "restaurant-vpc",
              "Owner": "hugo",
              "Service": "restaurant"
            }
          },
          "sensitive_attributes": [],
          "private": "eyJzY2hlbWFfdmVyc2lvbiI6IjEifQ==",
          "create_before_destroy": true
        }
      ]
    }
  ]
}
